
Microsoft Visual Studio Solution File, Format Version 12.00
# Visual Studio Version 16
VisualStudioVersion = 16.0.29102.190
MinimumVisualStudioVersion = 10.0.40219.1
Project("{2150E333-8FDC-42A3-9474-1A3956D46DE8}") = "Solution Items", "Solution Items", "{6508B9C0-60B2-4BD5-ACAB-7C057587CDE3}"
	ProjectSection(SolutionItems) = preProject
		..\icon.png = ..\icon.png
		..\icon_small.png = ..\icon_small.png
		..\README.md = ..\README.md
	EndProjectSection
EndProject
Project("{9A19103F-16F7-4668-BE54-9A1E7A4F7556}") = "Plugin.BLE", "Plugin.BLE\Plugin.BLE.csproj", "{951ED11D-D026-449C-90DC-5027BC41FB3B}"
EndProject
Project("{FAE04EC0-301F-11D3-BF4B-00C04F79EFBC}") = "Plugin.BLE.Android", "Plugin.BLE.Android\Plugin.BLE.Android.csproj", "{80C10C11-6FCB-4038-B029-A700039E8F99}"
EndProject
Project("{9A19103F-16F7-4668-BE54-9A1E7A4F7556}") = "Plugin.BLE.Tests", "Plugin.BLE.Tests\Plugin.BLE.Tests.csproj", "{F8374603-78C8-4CB8-A622-EC9226424474}"
EndProject
Project("{9A19103F-16F7-4668-BE54-9A1E7A4F7556}") = "Plugin.BLE.Abstractions", "Plugin.BLE.Abstractions\Plugin.BLE.Abstractions.csproj", "{56531910-6309-4F1D-A12B-F69E2914FAE6}"
EndProject
Global
	GlobalSection(SolutionConfigurationPlatforms) = preSolution
		Ad-Hoc|Any CPU = Ad-Hoc|Any CPU
		Ad-Hoc|ARM = Ad-Hoc|ARM
		Ad-Hoc|iPhone = Ad-Hoc|iPhone
		Ad-Hoc|iPhoneSimulator = Ad-Hoc|iPhoneSimulator
		Ad-Hoc|x64 = Ad-Hoc|x64
		Ad-Hoc|x86 = Ad-Hoc|x86
		AppStore|Any CPU = AppStore|Any CPU
		AppStore|ARM = AppStore|ARM
		AppStore|iPhone = AppStore|iPhone
		AppStore|iPhoneSimulator = AppStore|iPhoneSimulator
		AppStore|x64 = AppStore|x64
		AppStore|x86 = AppStore|x86
		Debug|Any CPU = Debug|Any CPU
		Debug|ARM = Debug|ARM
		Debug|iPhone = Debug|iPhone
		Debug|iPhoneSimulator = Debug|iPhoneSimulator
		Debug|x64 = Debug|x64
		Debug|x86 = Debug|x86
		Release|Any CPU = Release|Any CPU
		Release|ARM = Release|ARM
		Release|iPhone = Release|iPhone
		Release|iPhoneSimulator = Release|iPhoneSimulator
		Release|x64 = Release|x64
		Release|x86 = Release|x86
	EndGlobalSection
	GlobalSection(ProjectConfigurationPlatforms) = postSolution
		{951ED11D-D026-449C-90DC-5027BC41FB3B}.Ad-Hoc|Any CPU.ActiveCfg = Release|Any CPU
		{951ED11D-D026-449C-90DC-5027BC41FB3B}.Ad-Hoc|Any CPU.Build.0 = Release|Any CPU
		{951ED11D-D026-449C-90DC-5027BC41FB3B}.Ad-Hoc|ARM.ActiveCfg = Release|Any CPU
		{951ED11D-D026-449C-90DC-5027BC41FB3B}.Ad-Hoc|ARM.Build.0 = Release|Any CPU
		{951ED11D-D026-449C-90DC-5027BC41FB3B}.Ad-Hoc|iPhone.ActiveCfg = Release|Any CPU
		{951ED11D-D026-449C-90DC-5027BC41FB3B}.Ad-Hoc|iPhone.Build.0 = Release|Any CPU
		{951ED11D-D026-449C-90DC-5027BC41FB3B}.Ad-Hoc|iPhoneSimulator.ActiveCfg = Release|Any CPU
		{951ED11D-D026-449C-90DC-5027BC41FB3B}.Ad-Hoc|iPhoneSimulator.Build.0 = Release|Any CPU
		{951ED11D-D026-449C-90DC-5027BC41FB3B}.Ad-Hoc|x64.ActiveCfg = Release|Any CPU
		{951ED11D-D026-449C-90DC-5027BC41FB3B}.Ad-Hoc|x64.Build.0 = Release|Any CPU
		{951ED11D-D026-449C-90DC-5027BC41FB3B}.Ad-Hoc|x86.ActiveCfg = Release|Any CPU
		{951ED11D-D026-449C-90DC-5027BC41FB3B}.Ad-Hoc|x86.Build.0 = Release|Any CPU
		{951ED11D-D026-449C-90DC-5027BC41FB3B}.AppStore|Any CPU.ActiveCfg = Release|Any CPU
		{951ED11D-D026-449C-90DC-5027BC41FB3B}.AppStore|Any CPU.Build.0 = Release|Any CPU
		{951ED11D-D026-449C-90DC-5027BC41FB3B}.AppStore|ARM.ActiveCfg = Release|Any CPU
		{951ED11D-D026-449C-90DC-5027BC41FB3B}.AppStore|ARM.Build.0 = Release|Any CPU
		{951ED11D-D026-449C-90DC-5027BC41FB3B}.AppStore|iPhone.ActiveCfg = Release|Any CPU
		{951ED11D-D026-449C-90DC-5027BC41FB3B}.AppStore|iPhone.Build.0 = Release|Any CPU
		{951ED11D-D026-449C-90DC-5027BC41FB3B}.AppStore|iPhoneSimulator.ActiveCfg = Release|Any CPU
		{951ED11D-D026-449C-90DC-5027BC41FB3B}.AppStore|iPhoneSimulator.Build.0 = Release|Any CPU
		{951ED11D-D026-449C-90DC-5027BC41FB3B}.AppStore|x64.ActiveCfg = Release|Any CPU
		{951ED11D-D026-449C-90DC-5027BC41FB3B}.AppStore|x64.Build.0 = Release|Any CPU
		{951ED11D-D026-449C-90DC-5027BC41FB3B}.AppStore|x86.ActiveCfg = Release|Any CPU
		{951ED11D-D026-449C-90DC-5027BC41FB3B}.AppStore|x86.Build.0 = Release|Any CPU
		{951ED11D-D026-449C-90DC-5027BC41FB3B}.Debug|Any CPU.ActiveCfg = Debug|Any CPU
		{951ED11D-D026-449C-90DC-5027BC41FB3B}.Debug|Any CPU.Build.0 = Debug|Any CPU
		{951ED11D-D026-449C-90DC-5027BC41FB3B}.Debug|ARM.ActiveCfg = Debug|Any CPU
		{951ED11D-D026-449C-90DC-5027BC41FB3B}.Debug|ARM.Build.0 = Debug|Any CPU
		{951ED11D-D026-449C-90DC-5027BC41FB3B}.Debug|iPhone.ActiveCfg = Debug|Any CPU
		{951ED11D-D026-449C-90DC-5027BC41FB3B}.Debug|iPhone.Build.0 = Debug|Any CPU
		{951ED11D-D026-449C-90DC-5027BC41FB3B}.Debug|iPhoneSimulator.ActiveCfg = Debug|Any CPU
		{951ED11D-D026-449C-90DC-5027BC41FB3B}.Debug|iPhoneSimulator.Build.0 = Debug|Any CPU
		{951ED11D-D026-449C-90DC-5027BC41FB3B}.Debug|x64.ActiveCfg = Debug|Any CPU
		{951ED11D-D026-449C-90DC-5027BC41FB3B}.Debug|x64.Build.0 = Debug|Any CPU
		{951ED11D-D026-449C-90DC-5027BC41FB3B}.Debug|x86.ActiveCfg = Debug|Any CPU
		{951ED11D-D026-449C-90DC-5027BC41FB3B}.Debug|x86.Build.0 = Debug|Any CPU
		{951ED11D-D026-449C-90DC-5027BC41FB3B}.Release|Any CPU.ActiveCfg = Release|Any CPU
		{951ED11D-D026-449C-90DC-5027BC41FB3B}.Release|Any CPU.Build.0 = Release|Any CPU
		{951ED11D-D026-449C-90DC-5027BC41FB3B}.Release|ARM.ActiveCfg = Release|Any CPU
		{951ED11D-D026-449C-90DC-5027BC41FB3B}.Release|ARM.Build.0 = Release|Any CPU
		{951ED11D-D026-449C-90DC-5027BC41FB3B}.Release|iPhone.ActiveCfg = Release|Any CPU
		{951ED11D-D026-449C-90DC-5027BC41FB3B}.Release|iPhone.Build.0 = Release|Any CPU
		{951ED11D-D026-449C-90DC-5027BC41FB3B}.Release|iPhoneSimulator.ActiveCfg = Release|Any CPU
		{951ED11D-D026-449C-90DC-5027BC41FB3B}.Release|iPhoneSimulator.Build.0 = Release|Any CPU
		{951ED11D-D026-449C-90DC-5027BC41FB3B}.Release|x64.ActiveCfg = Release|Any CPU
		{951ED11D-D026-449C-90DC-5027BC41FB3B}.Release|x64.Build.0 = Release|Any CPU
		{951ED11D-D026-449C-90DC-5027BC41FB3B}.Release|x86.ActiveCfg = Release|Any CPU
		{951ED11D-D026-449C-90DC-5027BC41FB3B}.Release|x86.Build.0 = Release|Any CPU
		{80C10C11-6FCB-4038-B029-A700039E8F99}.Ad-Hoc|Any CPU.ActiveCfg = Release|Any CPU
		{80C10C11-6FCB-4038-B029-A700039E8F99}.Ad-Hoc|Any CPU.Build.0 = Release|Any CPU
		{80C10C11-6FCB-4038-B029-A700039E8F99}.Ad-Hoc|ARM.ActiveCfg = Release|Any CPU
		{80C10C11-6FCB-4038-B029-A700039E8F99}.Ad-Hoc|ARM.Build.0 = Release|Any CPU
		{80C10C11-6FCB-4038-B029-A700039E8F99}.Ad-Hoc|iPhone.ActiveCfg = Release|Any CPU
		{80C10C11-6FCB-4038-B029-A700039E8F99}.Ad-Hoc|iPhone.Build.0 = Release|Any CPU
		{80C10C11-6FCB-4038-B029-A700039E8F99}.Ad-Hoc|iPhoneSimulator.ActiveCfg = Release|Any CPU
		{80C10C11-6FCB-4038-B029-A700039E8F99}.Ad-Hoc|iPhoneSimulator.Build.0 = Release|Any CPU
		{80C10C11-6FCB-4038-B029-A700039E8F99}.Ad-Hoc|x64.ActiveCfg = Release|Any CPU
		{80C10C11-6FCB-4038-B029-A700039E8F99}.Ad-Hoc|x64.Build.0 = Release|Any CPU
		{80C10C11-6FCB-4038-B029-A700039E8F99}.Ad-Hoc|x86.ActiveCfg = Release|Any CPU
		{80C10C11-6FCB-4038-B029-A700039E8F99}.Ad-Hoc|x86.Build.0 = Release|Any CPU
		{80C10C11-6FCB-4038-B029-A700039E8F99}.AppStore|Any CPU.ActiveCfg = Release|Any CPU
		{80C10C11-6FCB-4038-B029-A700039E8F99}.AppStore|Any CPU.Build.0 = Release|Any CPU
		{80C10C11-6FCB-4038-B029-A700039E8F99}.AppStore|ARM.ActiveCfg = Release|Any CPU
		{80C10C11-6FCB-4038-B029-A700039E8F99}.AppStore|ARM.Build.0 = Release|Any CPU
		{80C10C11-6FCB-4038-B029-A700039E8F99}.AppStore|iPhone.ActiveCfg = Release|Any CPU
		{80C10C11-6FCB-4038-B029-A700039E8F99}.AppStore|iPhone.Build.0 = Release|Any CPU
		{80C10C11-6FCB-4038-B029-A700039E8F99}.AppStore|iPhoneSimulator.ActiveCfg = Release|Any CPU
		{80C10C11-6FCB-4038-B029-A700039E8F99}.AppStore|iPhoneSimulator.Build.0 = Release|Any CPU
		{80C10C11-6FCB-4038-B029-A700039E8F99}.AppStore|x64.ActiveCfg = Release|Any CPU
		{80C10C11-6FCB-4038-B029-A700039E8F99}.AppStore|x64.Build.0 = Release|Any CPU
		{80C10C11-6FCB-4038-B029-A700039E8F99}.AppStore|x86.ActiveCfg = Release|Any CPU
		{80C10C11-6FCB-4038-B029-A700039E8F99}.AppStore|x86.Build.0 = Release|Any CPU
		{80C10C11-6FCB-4038-B029-A700039E8F99}.Debug|Any CPU.ActiveCfg = Debug|Any CPU
		{80C10C11-6FCB-4038-B029-A700039E8F99}.Debug|Any CPU.Build.0 = Debug|Any CPU
		{80C10C11-6FCB-4038-B029-A700039E8F99}.Debug|ARM.ActiveCfg = Debug|Any CPU
		{80C10C11-6FCB-4038-B029-A700039E8F99}.Debug|ARM.Build.0 = Debug|Any CPU
		{80C10C11-6FCB-4038-B029-A700039E8F99}.Debug|iPhone.ActiveCfg = Debug|Any CPU
		{80C10C11-6FCB-4038-B029-A700039E8F99}.Debug|iPhone.Build.0 = Debug|Any CPU
		{80C10C11-6FCB-4038-B029-A700039E8F99}.Debug|iPhoneSimulator.ActiveCfg = Debug|Any CPU
		{80C10C11-6FCB-4038-B029-A700039E8F99}.Debug|iPhoneSimulator.Build.0 = Debug|Any CPU
		{80C10C11-6FCB-4038-B029-A700039E8F99}.Debug|x64.ActiveCfg = Debug|Any CPU
		{80C10C11-6FCB-4038-B029-A700039E8F99}.Debug|x64.Build.0 = Debug|Any CPU
		{80C10C11-6FCB-4038-B029-A700039E8F99}.Debug|x86.ActiveCfg = Debug|Any CPU
		{80C10C11-6FCB-4038-B029-A700039E8F99}.Debug|x86.Build.0 = Debug|Any CPU
		{80C10C11-6FCB-4038-B029-A700039E8F99}.Release|Any CPU.ActiveCfg = Release|Any CPU
		{80C10C11-6FCB-4038-B029-A700039E8F99}.Release|Any CPU.Build.0 = Release|Any CPU
		{80C10C11-6FCB-4038-B029-A700039E8F99}.Release|ARM.ActiveCfg = Release|Any CPU
		{80C10C11-6FCB-4038-B029-A700039E8F99}.Release|ARM.Build.0 = Release|Any CPU
		{80C10C11-6FCB-4038-B029-A700039E8F99}.Release|iPhone.ActiveCfg = Release|Any CPU
		{80C10C11-6FCB-4038-B029-A700039E8F99}.Release|iPhone.Build.0 = Release|Any CPU
		{80C10C11-6FCB-4038-B029-A700039E8F99}.Release|iPhoneSimulator.ActiveCfg = Release|Any CPU
		{80C10C11-6FCB-4038-B029-A700039E8F99}.Release|iPhoneSimulator.Build.0 = Release|Any CPU
		{80C10C11-6FCB-4038-B029-A700039E8F99}.Release|x64.ActiveCfg = Release|Any CPU
		{80C10C11-6FCB-4038-B029-A700039E8F99}.Release|x64.Build.0 = Release|Any CPU
		{80C10C11-6FCB-4038-B029-A700039E8F99}.Release|x86.ActiveCfg = Release|Any CPU
		{80C10C11-6FCB-4038-B029-A700039E8F99}.Release|x86.Build.0 = Release|Any CPU
		{F8374603-78C8-4CB8-A622-EC9226424474}.Ad-Hoc|Any CPU.ActiveCfg = Release|Any CPU
		{F8374603-78C8-4CB8-A622-EC9226424474}.Ad-Hoc|Any CPU.Build.0 = Release|Any CPU
		{F8374603-78C8-4CB8-A622-EC9226424474}.Ad-Hoc|ARM.ActiveCfg = Release|Any CPU
		{F8374603-78C8-4CB8-A622-EC9226424474}.Ad-Hoc|ARM.Build.0 = Release|Any CPU
		{F8374603-78C8-4CB8-A622-EC9226424474}.Ad-Hoc|iPhone.ActiveCfg = Release|Any CPU
		{F8374603-78C8-4CB8-A622-EC9226424474}.Ad-Hoc|iPhone.Build.0 = Release|Any CPU
		{F8374603-78C8-4CB8-A622-EC9226424474}.Ad-Hoc|iPhoneSimulator.ActiveCfg = Release|Any CPU
		{F8374603-78C8-4CB8-A622-EC9226424474}.Ad-Hoc|iPhoneSimulator.Build.0 = Release|Any CPU
		{F8374603-78C8-4CB8-A622-EC9226424474}.Ad-Hoc|x64.ActiveCfg = Release|Any CPU
		{F8374603-78C8-4CB8-A622-EC9226424474}.Ad-Hoc|x64.Build.0 = Release|Any CPU
		{F8374603-78C8-4CB8-A622-EC9226424474}.Ad-Hoc|x86.ActiveCfg = Release|Any CPU
		{F8374603-78C8-4CB8-A622-EC9226424474}.Ad-Hoc|x86.Build.0 = Release|Any CPU
		{F8374603-78C8-4CB8-A622-EC9226424474}.AppStore|Any CPU.ActiveCfg = Release|Any CPU
		{F8374603-78C8-4CB8-A622-EC9226424474}.AppStore|Any CPU.Build.0 = Release|Any CPU
		{F8374603-78C8-4CB8-A622-EC9226424474}.AppStore|ARM.ActiveCfg = Release|Any CPU
		{F8374603-78C8-4CB8-A622-EC9226424474}.AppStore|ARM.Build.0 = Release|Any CPU
		{F8374603-78C8-4CB8-A622-EC9226424474}.AppStore|iPhone.ActiveCfg = Release|Any CPU
		{F8374603-78C8-4CB8-A622-EC9226424474}.AppStore|iPhone.Build.0 = Release|Any CPU
		{F8374603-78C8-4CB8-A622-EC9226424474}.AppStore|iPhoneSimulator.ActiveCfg = Release|Any CPU
		{F8374603-78C8-4CB8-A622-EC9226424474}.AppStore|iPhoneSimulator.Build.0 = Release|Any CPU
		{F8374603-78C8-4CB8-A622-EC9226424474}.AppStore|x64.ActiveCfg = Release|Any CPU
		{F8374603-78C8-4CB8-A622-EC9226424474}.AppStore|x64.Build.0 = Release|Any CPU
		{F8374603-78C8-4CB8-A622-EC9226424474}.AppStore|x86.ActiveCfg = Release|Any CPU
		{F8374603-78C8-4CB8-A622-EC9226424474}.AppStore|x86.Build.0 = Release|Any CPU
		{F8374603-78C8-4CB8-A622-EC9226424474}.Debug|Any CPU.ActiveCfg = Debug|Any CPU
		{F8374603-78C8-4CB8-A622-EC9226424474}.Debug|Any CPU.Build.0 = Debug|Any CPU
		{F8374603-78C8-4CB8-A622-EC9226424474}.Debug|ARM.ActiveCfg = Debug|Any CPU
		{F8374603-78C8-4CB8-A622-EC9226424474}.Debug|ARM.Build.0 = Debug|Any CPU
		{F8374603-78C8-4CB8-A622-EC9226424474}.Debug|iPhone.ActiveCfg = Debug|Any CPU
		{F8374603-78C8-4CB8-A622-EC9226424474}.Debug|iPhone.Build.0 = Debug|Any CPU
		{F8374603-78C8-4CB8-A622-EC9226424474}.Debug|iPhoneSimulator.ActiveCfg = Debug|Any CPU
		{F8374603-78C8-4CB8-A622-EC9226424474}.Debug|iPhoneSimulator.Build.0 = Debug|Any CPU
		{F8374603-78C8-4CB8-A622-EC9226424474}.Debug|x64.ActiveCfg = Debug|Any CPU
		{F8374603-78C8-4CB8-A622-EC9226424474}.Debug|x64.Build.0 = Debug|Any CPU
		{F8374603-78C8-4CB8-A622-EC9226424474}.Debug|x86.ActiveCfg = Debug|Any CPU
		{F8374603-78C8-4CB8-A622-EC9226424474}.Debug|x86.Build.0 = Debug|Any CPU
		{F8374603-78C8-4CB8-A622-EC9226424474}.Release|Any CPU.ActiveCfg = Release|Any CPU
		{F8374603-78C8-4CB8-A622-EC9226424474}.Release|Any CPU.Build.0 = Release|Any CPU
		{F8374603-78C8-4CB8-A622-EC9226424474}.Release|ARM.ActiveCfg = Release|Any CPU
		{F8374603-78C8-4CB8-A622-EC9226424474}.Release|ARM.Build.0 = Release|Any CPU
		{F8374603-78C8-4CB8-A622-EC9226424474}.Release|iPhone.ActiveCfg = Release|Any CPU
		{F8374603-78C8-4CB8-A622-EC9226424474}.Release|iPhone.Build.0 = Release|Any CPU
		{F8374603-78C8-4CB8-A622-EC9226424474}.Release|iPhoneSimulator.ActiveCfg = Release|Any CPU
		{F8374603-78C8-4CB8-A622-EC9226424474}.Release|iPhoneSimulator.Build.0 = Release|Any CPU
		{F8374603-78C8-4CB8-A622-EC9226424474}.Release|x64.ActiveCfg = Release|Any CPU
		{F8374603-78C8-4CB8-A622-EC9226424474}.Release|x64.Build.0 = Release|Any CPU
		{F8374603-78C8-4CB8-A622-EC9226424474}.Release|x86.ActiveCfg = Release|Any CPU
		{F8374603-78C8-4CB8-A622-EC9226424474}.Release|x86.Build.0 = Release|Any CPU
		{56531910-6309-4F1D-A12B-F69E2914FAE6}.Ad-Hoc|Any CPU.ActiveCfg = Debug|Any CPU
		{56531910-6309-4F1D-A12B-F69E2914FAE6}.Ad-Hoc|Any CPU.Build.0 = Debug|Any CPU
		{56531910-6309-4F1D-A12B-F69E2914FAE6}.Ad-Hoc|ARM.ActiveCfg = Debug|Any CPU
		{56531910-6309-4F1D-A12B-F69E2914FAE6}.Ad-Hoc|ARM.Build.0 = Debug|Any CPU
		{56531910-6309-4F1D-A12B-F69E2914FAE6}.Ad-Hoc|iPhone.ActiveCfg = Debug|Any CPU
		{56531910-6309-4F1D-A12B-F69E2914FAE6}.Ad-Hoc|iPhone.Build.0 = Debug|Any CPU
		{56531910-6309-4F1D-A12B-F69E2914FAE6}.Ad-Hoc|iPhoneSimulator.ActiveCfg = Debug|Any CPU
		{56531910-6309-4F1D-A12B-F69E2914FAE6}.Ad-Hoc|iPhoneSimulator.Build.0 = Debug|Any CPU
		{56531910-6309-4F1D-A12B-F69E2914FAE6}.Ad-Hoc|x64.ActiveCfg = Debug|Any CPU
		{56531910-6309-4F1D-A12B-F69E2914FAE6}.Ad-Hoc|x64.Build.0 = Debug|Any CPU
		{56531910-6309-4F1D-A12B-F69E2914FAE6}.Ad-Hoc|x86.ActiveCfg = Debug|Any CPU
		{56531910-6309-4F1D-A12B-F69E2914FAE6}.Ad-Hoc|x86.Build.0 = Debug|Any CPU
		{56531910-6309-4F1D-A12B-F69E2914FAE6}.AppStore|Any CPU.ActiveCfg = Debug|Any CPU
		{56531910-6309-4F1D-A12B-F69E2914FAE6}.AppStore|Any CPU.Build.0 = Debug|Any CPU
		{56531910-6309-4F1D-A12B-F69E2914FAE6}.AppStore|ARM.ActiveCfg = Debug|Any CPU
		{56531910-6309-4F1D-A12B-F69E2914FAE6}.AppStore|ARM.Build.0 = Debug|Any CPU
		{56531910-6309-4F1D-A12B-F69E2914FAE6}.AppStore|iPhone.ActiveCfg = Debug|Any CPU
		{56531910-6309-4F1D-A12B-F69E2914FAE6}.AppStore|iPhone.Build.0 = Debug|Any CPU
		{56531910-6309-4F1D-A12B-F69E2914FAE6}.AppStore|iPhoneSimulator.ActiveCfg = Debug|Any CPU
		{56531910-6309-4F1D-A12B-F69E2914FAE6}.AppStore|iPhoneSimulator.Build.0 = Debug|Any CPU
		{56531910-6309-4F1D-A12B-F69E2914FAE6}.AppStore|x64.ActiveCfg = Debug|Any CPU
		{56531910-6309-4F1D-A12B-F69E2914FAE6}.AppStore|x64.Build.0 = Debug|Any CPU
		{56531910-6309-4F1D-A12B-F69E2914FAE6}.AppStore|x86.ActiveCfg = Debug|Any CPU
		{56531910-6309-4F1D-A12B-F69E2914FAE6}.AppStore|x86.Build.0 = Debug|Any CPU
		{56531910-6309-4F1D-A12B-F69E2914FAE6}.Debug|Any CPU.ActiveCfg = Debug|Any CPU
		{56531910-6309-4F1D-A12B-F69E2914FAE6}.Debug|Any CPU.Build.0 = Debug|Any CPU
		{56531910-6309-4F1D-A12B-F69E2914FAE6}.Debug|ARM.ActiveCfg = Debug|Any CPU
		{56531910-6309-4F1D-A12B-F69E2914FAE6}.Debug|ARM.Build.0 = Debug|Any CPU
		{56531910-6309-4F1D-A12B-F69E2914FAE6}.Debug|iPhone.ActiveCfg = Debug|Any CPU
		{56531910-6309-4F1D-A12B-F69E2914FAE6}.Debug|iPhone.Build.0 = Debug|Any CPU
		{56531910-6309-4F1D-A12B-F69E2914FAE6}.Debug|iPhoneSimulator.ActiveCfg = Debug|Any CPU
		{56531910-6309-4F1D-A12B-F69E2914FAE6}.Debug|iPhoneSimulator.Build.0 = Debug|Any CPU
		{56531910-6309-4F1D-A12B-F69E2914FAE6}.Debug|x64.ActiveCfg = Debug|Any CPU
		{56531910-6309-4F1D-A12B-F69E2914FAE6}.Debug|x64.Build.0 = Debug|Any CPU
		{56531910-6309-4F1D-A12B-F69E2914FAE6}.Debug|x86.ActiveCfg = Debug|Any CPU
		{56531910-6309-4F1D-A12B-F69E2914FAE6}.Debug|x86.Build.0 = Debug|Any CPU
		{56531910-6309-4F1D-A12B-F69E2914FAE6}.Release|Any CPU.ActiveCfg = Release|Any CPU
		{56531910-6309-4F1D-A12B-F69E2914FAE6}.Release|Any CPU.Build.0 = Release|Any CPU
		{56531910-6309-4F1D-A12B-F69E2914FAE6}.Release|ARM.ActiveCfg = Release|Any CPU
		{56531910-6309-4F1D-A12B-F69E2914FAE6}.Release|ARM.Build.0 = Release|Any CPU
		{56531910-6309-4F1D-A12B-F69E2914FAE6}.Release|iPhone.ActiveCfg = Release|Any CPU
		{56531910-6309-4F1D-A12B-F69E2914FAE6}.Release|iPhone.Build.0 = Release|Any CPU
		{56531910-6309-4F1D-A12B-F69E2914FAE6}.Release|iPhoneSimulator.ActiveCfg = Release|Any CPU
		{56531910-6309-4F1D-A12B-F69E2914FAE6}.Release|iPhoneSimulator.Build.0 = Release|Any CPU
		{56531910-6309-4F1D-A12B-F69E2914FAE6}.Release|x64.ActiveCfg = Release|Any CPU
		{56531910-6309-4F1D-A12B-F69E2914FAE6}.Release|x64.Build.0 = Release|Any CPU
		{56531910-6309-4F1D-A12B-F69E2914FAE6}.Release|x86.ActiveCfg = Release|Any CPU
		{56531910-6309-4F1D-A12B-F69E2914FAE6}.Release|x86.Build.0 = Release|Any CPU
	EndGlobalSection
	GlobalSection(SolutionProperties) = preSolution
		HideSolutionNode = FALSE
	EndGlobalSection
	GlobalSection(ExtensibilityGlobals) = postSolution
		SolutionGuid = {B5D5105C-EA52-467B-8CCC-6777900C3B95}
	EndGlobalSection
EndGlobal
