
Microsoft Visual Studio Solution File, Format Version 12.00
# Visual Studio Version 16
VisualStudioVersion = 16.0.29102.190
MinimumVisualStudioVersion = 10.0.40219.1
Project("{9A19103F-16F7-4668-BE54-9A1E7A4F7556}") = "MvvmCross.Plugins.BLE", "MvvmCross.Plugins.BLE\MvvmCross.Plugins.BLE.csproj", "{83F1DFFB-A653-45DD-BE81-C02374C6DB07}"
EndProject
Project("{FAE04EC0-301F-11D3-BF4B-00C04F79EFBC}") = "MvvmCross.Plugins.BLE.Droid", "MvvmCross.Plugins.BLE.Droid\MvvmCross.Plugins.BLE.Droid.csproj", "{6CF7D1D9-FDD9-4158-9E0F-F102027291F0}"
EndProject
Project("{FAE04EC0-301F-11D3-BF4B-00C04F79EFBC}") = "MvvmCross.Plugins.BLE.iOS", "MvvmCross.Plugins.BLE.iOS\MvvmCross.Plugins.BLE.iOS.csproj", "{CB52CFF4-F804-41A0-8408-A31365F4BA91}"
	ProjectSection(ProjectDependencies) = postProject
		{CD9C2137-7262-49F6-831A-D3362541EDA6} = {CD9C2137-7262-49F6-831A-D3362541EDA6}
	EndProjectSection
EndProject
Project("{2150E333-8FDC-42A3-9474-1A3956D46DE8}") = "Solution Items", "Solution Items", "{6508B9C0-60B2-4BD5-ACAB-7C057587CDE3}"
	ProjectSection(SolutionItems) = preProject
		..\icon.png = ..\icon.png
		..\icon_small.png = ..\icon_small.png
		..\README.md = ..\README.md
	EndProjectSection
EndProject
Project("{2150E333-8FDC-42A3-9474-1A3956D46DE8}") = ".nuget", ".nuget", "{7127700F-3FDC-482C-9359-404A9364E4D6}"
	ProjectSection(SolutionItems) = preProject
		.nuget\NuGet.Config = .nuget\NuGet.Config
		.nuget\NuGet.exe = .nuget\NuGet.exe
		.nuget\NuGet.targets = .nuget\NuGet.targets
	EndProjectSection
EndProject
Project("{2150E333-8FDC-42A3-9474-1A3956D46DE8}") = "Samples", "Samples", "{A06042F5-F69D-4191-875E-5ADE9CF42075}"
EndProject
Project("{9A19103F-16F7-4668-BE54-9A1E7A4F7556}") = "Plugin.BLE", "Plugin.BLE\Plugin.BLE.csproj", "{951ED11D-D026-449C-90DC-5027BC41FB3B}"
EndProject
Project("{FAE04EC0-301F-11D3-BF4B-00C04F79EFBC}") = "Plugin.BLE.Android", "Plugin.BLE.Android\Plugin.BLE.Android.csproj", "{80C10C11-6FCB-4038-B029-A700039E8F99}"
EndProject
Project("{9A19103F-16F7-4668-BE54-9A1E7A4F7556}") = "BLE.Client", "BLE.Client\BLE.Client\BLE.Client.csproj", "{DFE97BE0-070B-43AD-BF37-50FD42B542D1}"
EndProject
Project("{FAE04EC0-301F-11D3-BF4B-00C04F79EFBC}") = "BLE.Client.Droid", "BLE.Client\BLE.Client.Droid\BLE.Client.Droid.csproj", "{7B0E4EFD-EEB8-4CE9-9C8D-7A4BF734E9A7}"
EndProject
Project("{FAE04EC0-301F-11D3-BF4B-00C04F79EFBC}") = "BLE.Client.iOS", "BLE.Client\BLE.Client.iOS\BLE.Client.iOS.csproj", "{D0FBE2BA-799B-4071-A45D-8FB037006C9C}"
EndProject
Project("{2150E333-8FDC-42A3-9474-1A3956D46DE8}") = ".build", ".build", "{BF30732D-F8EA-4DDE-B892-81D51D02A5D4}"
	ProjectSection(SolutionItems) = preProject
		..\.build\build.bat = ..\.build\build.bat
		..\.build\build.cake = ..\.build\build.cake
		..\.build\build.fsx = ..\.build\build.fsx
		..\doc\changelog.md = ..\doc\changelog.md
		..\.build\MvvmCross.Plugin.BLE.nuspec = ..\.build\MvvmCross.Plugin.BLE.nuspec
		..\.build\Plugin.BLE.nuspec = ..\.build\Plugin.BLE.nuspec
	EndProjectSection
EndProject
Project("{9A19103F-16F7-4668-BE54-9A1E7A4F7556}") = "Plugin.BLE.Tests", "Plugin.BLE.Tests\Plugin.BLE.Tests.csproj", "{F8374603-78C8-4CB8-A622-EC9226424474}"
EndProject
Project("{9A19103F-16F7-4668-BE54-9A1E7A4F7556}") = "Plugin.BLE.Abstractions", "Plugin.BLE.Abstractions\Plugin.BLE.Abstractions.csproj", "{56531910-6309-4F1D-A12B-F69E2914FAE6}"
EndProject
Project("{FAE04EC0-301F-11D3-BF4B-00C04F79EFBC}") = "Plugin.BLE.macOS", "Plugin.BLE.macOS\Plugin.BLE.macOS.csproj", "{239AD7CE-149F-4465-9BAF-7D60373BE5CB}"
EndProject
Project("{FAE04EC0-301F-11D3-BF4B-00C04F79EFBC}") = "BLE.Client.macOS", "BLE.Client\BLE.Client.macOS\BLE.Client.macOS.csproj", "{B202A1F9-B9B8-4F5F-A011-C8EA5E485CED}"
EndProject
Project("{9344BDBB-3E7F-41FC-A0DD-8665D75EE146}") = "Plugin.BLE.iOS", "Plugin.BLE.iOS\Plugin.BLE.iOS.csproj", "{CD9C2137-7262-49F6-831A-D3362541EDA6}"
EndProject
Project("{FAE04EC0-301F-11D3-BF4B-00C04F79EFBC}") = "MvvmCross.Plugins.BLE.macOS", "MvvmCross.Plugins.BLE.macOS\MvvmCross.Plugins.BLE.macOS.csproj", "{9530AA2D-2A0E-4AC3-93D5-28769BF43F89}"
EndProject
Global
	GlobalSection(SolutionConfigurationPlatforms) = preSolution
		Ad-Hoc|Any CPU = Ad-Hoc|Any CPU
		Ad-Hoc|ARM = Ad-Hoc|ARM
		Ad-Hoc|iPhone = Ad-Hoc|iPhone
		Ad-Hoc|iPhoneSimulator = Ad-Hoc|iPhoneSimulator
		Ad-Hoc|x64 = Ad-Hoc|x64
		Ad-Hoc|x86 = Ad-Hoc|x86
		AppStore|Any CPU = AppStore|Any CPU
		AppStore|ARM = AppStore|ARM
		AppStore|iPhone = AppStore|iPhone
		AppStore|iPhoneSimulator = AppStore|iPhoneSimulator
		AppStore|x64 = AppStore|x64
		AppStore|x86 = AppStore|x86
		Debug|Any CPU = Debug|Any CPU
		Debug|ARM = Debug|ARM
		Debug|iPhone = Debug|iPhone
		Debug|iPhoneSimulator = Debug|iPhoneSimulator
		Debug|x64 = Debug|x64
		Debug|x86 = Debug|x86
		Release|Any CPU = Release|Any CPU
		Release|ARM = Release|ARM
		Release|iPhone = Release|iPhone
		Release|iPhoneSimulator = Release|iPhoneSimulator
		Release|x64 = Release|x64
		Release|x86 = Release|x86
	EndGlobalSection
	GlobalSection(ProjectConfigurationPlatforms) = postSolution
		{83F1DFFB-A653-45DD-BE81-C02374C6DB07}.Ad-Hoc|Any CPU.ActiveCfg = Release|Any CPU
		{83F1DFFB-A653-45DD-BE81-C02374C6DB07}.Ad-Hoc|Any CPU.Build.0 = Release|Any CPU
		{83F1DFFB-A653-45DD-BE81-C02374C6DB07}.Ad-Hoc|ARM.ActiveCfg = Release|Any CPU
		{83F1DFFB-A653-45DD-BE81-C02374C6DB07}.Ad-Hoc|ARM.Build.0 = Release|Any CPU
		{83F1DFFB-A653-45DD-BE81-C02374C6DB07}.Ad-Hoc|iPhone.ActiveCfg = Release|Any CPU
		{83F1DFFB-A653-45DD-BE81-C02374C6DB07}.Ad-Hoc|iPhone.Build.0 = Release|Any CPU
		{83F1DFFB-A653-45DD-BE81-C02374C6DB07}.Ad-Hoc|iPhoneSimulator.ActiveCfg = Release|Any CPU
		{83F1DFFB-A653-45DD-BE81-C02374C6DB07}.Ad-Hoc|iPhoneSimulator.Build.0 = Release|Any CPU
		{83F1DFFB-A653-45DD-BE81-C02374C6DB07}.Ad-Hoc|x64.ActiveCfg = Release|Any CPU
		{83F1DFFB-A653-45DD-BE81-C02374C6DB07}.Ad-Hoc|x64.Build.0 = Release|Any CPU
		{83F1DFFB-A653-45DD-BE81-C02374C6DB07}.Ad-Hoc|x86.ActiveCfg = Release|Any CPU
		{83F1DFFB-A653-45DD-BE81-C02374C6DB07}.Ad-Hoc|x86.Build.0 = Release|Any CPU
		{83F1DFFB-A653-45DD-BE81-C02374C6DB07}.AppStore|Any CPU.ActiveCfg = Release|Any CPU
		{83F1DFFB-A653-45DD-BE81-C02374C6DB07}.AppStore|Any CPU.Build.0 = Release|Any CPU
		{83F1DFFB-A653-45DD-BE81-C02374C6DB07}.AppStore|ARM.ActiveCfg = Release|Any CPU
		{83F1DFFB-A653-45DD-BE81-C02374C6DB07}.AppStore|ARM.Build.0 = Release|Any CPU
		{83F1DFFB-A653-45DD-BE81-C02374C6DB07}.AppStore|iPhone.ActiveCfg = Release|Any CPU
		{83F1DFFB-A653-45DD-BE81-C02374C6DB07}.AppStore|iPhone.Build.0 = Release|Any CPU
		{83F1DFFB-A653-45DD-BE81-C02374C6DB07}.AppStore|iPhoneSimulator.ActiveCfg = Release|Any CPU
		{83F1DFFB-A653-45DD-BE81-C02374C6DB07}.AppStore|iPhoneSimulator.Build.0 = Release|Any CPU
		{83F1DFFB-A653-45DD-BE81-C02374C6DB07}.AppStore|x64.ActiveCfg = Release|Any CPU
		{83F1DFFB-A653-45DD-BE81-C02374C6DB07}.AppStore|x64.Build.0 = Release|Any CPU
		{83F1DFFB-A653-45DD-BE81-C02374C6DB07}.AppStore|x86.ActiveCfg = Release|Any CPU
		{83F1DFFB-A653-45DD-BE81-C02374C6DB07}.AppStore|x86.Build.0 = Release|Any CPU
		{83F1DFFB-A653-45DD-BE81-C02374C6DB07}.Debug|Any CPU.ActiveCfg = Debug|Any CPU
		{83F1DFFB-A653-45DD-BE81-C02374C6DB07}.Debug|Any CPU.Build.0 = Debug|Any CPU
		{83F1DFFB-A653-45DD-BE81-C02374C6DB07}.Debug|ARM.ActiveCfg = Debug|Any CPU
		{83F1DFFB-A653-45DD-BE81-C02374C6DB07}.Debug|ARM.Build.0 = Debug|Any CPU
		{83F1DFFB-A653-45DD-BE81-C02374C6DB07}.Debug|iPhone.ActiveCfg = Debug|Any CPU
		{83F1DFFB-A653-45DD-BE81-C02374C6DB07}.Debug|iPhone.Build.0 = Debug|Any CPU
		{83F1DFFB-A653-45DD-BE81-C02374C6DB07}.Debug|iPhoneSimulator.ActiveCfg = Debug|Any CPU
		{83F1DFFB-A653-45DD-BE81-C02374C6DB07}.Debug|iPhoneSimulator.Build.0 = Debug|Any CPU
		{83F1DFFB-A653-45DD-BE81-C02374C6DB07}.Debug|x64.ActiveCfg = Debug|Any CPU
		{83F1DFFB-A653-45DD-BE81-C02374C6DB07}.Debug|x64.Build.0 = Debug|Any CPU
		{83F1DFFB-A653-45DD-BE81-C02374C6DB07}.Debug|x86.ActiveCfg = Debug|Any CPU
		{83F1DFFB-A653-45DD-BE81-C02374C6DB07}.Debug|x86.Build.0 = Debug|Any CPU
		{83F1DFFB-A653-45DD-BE81-C02374C6DB07}.Release|Any CPU.ActiveCfg = Release|Any CPU
		{83F1DFFB-A653-45DD-BE81-C02374C6DB07}.Release|Any CPU.Build.0 = Release|Any CPU
		{83F1DFFB-A653-45DD-BE81-C02374C6DB07}.Release|ARM.ActiveCfg = Release|Any CPU
		{83F1DFFB-A653-45DD-BE81-C02374C6DB07}.Release|ARM.Build.0 = Release|Any CPU
		{83F1DFFB-A653-45DD-BE81-C02374C6DB07}.Release|iPhone.ActiveCfg = Release|Any CPU
		{83F1DFFB-A653-45DD-BE81-C02374C6DB07}.Release|iPhone.Build.0 = Release|Any CPU
		{83F1DFFB-A653-45DD-BE81-C02374C6DB07}.Release|iPhoneSimulator.ActiveCfg = Release|Any CPU
		{83F1DFFB-A653-45DD-BE81-C02374C6DB07}.Release|iPhoneSimulator.Build.0 = Release|Any CPU
		{83F1DFFB-A653-45DD-BE81-C02374C6DB07}.Release|x64.ActiveCfg = Release|Any CPU
		{83F1DFFB-A653-45DD-BE81-C02374C6DB07}.Release|x64.Build.0 = Release|Any CPU
		{83F1DFFB-A653-45DD-BE81-C02374C6DB07}.Release|x86.ActiveCfg = Release|Any CPU
		{83F1DFFB-A653-45DD-BE81-C02374C6DB07}.Release|x86.Build.0 = Release|Any CPU
		{6CF7D1D9-FDD9-4158-9E0F-F102027291F0}.Ad-Hoc|Any CPU.ActiveCfg = Release|Any CPU
		{6CF7D1D9-FDD9-4158-9E0F-F102027291F0}.Ad-Hoc|Any CPU.Build.0 = Release|Any CPU
		{6CF7D1D9-FDD9-4158-9E0F-F102027291F0}.Ad-Hoc|ARM.ActiveCfg = Release|Any CPU
		{6CF7D1D9-FDD9-4158-9E0F-F102027291F0}.Ad-Hoc|ARM.Build.0 = Release|Any CPU
		{6CF7D1D9-FDD9-4158-9E0F-F102027291F0}.Ad-Hoc|iPhone.ActiveCfg = Release|Any CPU
		{6CF7D1D9-FDD9-4158-9E0F-F102027291F0}.Ad-Hoc|iPhone.Build.0 = Release|Any CPU
		{6CF7D1D9-FDD9-4158-9E0F-F102027291F0}.Ad-Hoc|iPhoneSimulator.ActiveCfg = Release|Any CPU
		{6CF7D1D9-FDD9-4158-9E0F-F102027291F0}.Ad-Hoc|iPhoneSimulator.Build.0 = Release|Any CPU
		{6CF7D1D9-FDD9-4158-9E0F-F102027291F0}.Ad-Hoc|x64.ActiveCfg = Release|Any CPU
		{6CF7D1D9-FDD9-4158-9E0F-F102027291F0}.Ad-Hoc|x64.Build.0 = Release|Any CPU
		{6CF7D1D9-FDD9-4158-9E0F-F102027291F0}.Ad-Hoc|x86.ActiveCfg = Release|Any CPU
		{6CF7D1D9-FDD9-4158-9E0F-F102027291F0}.Ad-Hoc|x86.Build.0 = Release|Any CPU
		{6CF7D1D9-FDD9-4158-9E0F-F102027291F0}.AppStore|Any CPU.ActiveCfg = Release|Any CPU
		{6CF7D1D9-FDD9-4158-9E0F-F102027291F0}.AppStore|Any CPU.Build.0 = Release|Any CPU
		{6CF7D1D9-FDD9-4158-9E0F-F102027291F0}.AppStore|ARM.ActiveCfg = Release|Any CPU
		{6CF7D1D9-FDD9-4158-9E0F-F102027291F0}.AppStore|ARM.Build.0 = Release|Any CPU
		{6CF7D1D9-FDD9-4158-9E0F-F102027291F0}.AppStore|iPhone.ActiveCfg = Release|Any CPU
		{6CF7D1D9-FDD9-4158-9E0F-F102027291F0}.AppStore|iPhone.Build.0 = Release|Any CPU
		{6CF7D1D9-FDD9-4158-9E0F-F102027291F0}.AppStore|iPhoneSimulator.ActiveCfg = Release|Any CPU
		{6CF7D1D9-FDD9-4158-9E0F-F102027291F0}.AppStore|iPhoneSimulator.Build.0 = Release|Any CPU
		{6CF7D1D9-FDD9-4158-9E0F-F102027291F0}.AppStore|x64.ActiveCfg = Release|Any CPU
		{6CF7D1D9-FDD9-4158-9E0F-F102027291F0}.AppStore|x64.Build.0 = Release|Any CPU
		{6CF7D1D9-FDD9-4158-9E0F-F102027291F0}.AppStore|x86.ActiveCfg = Release|Any CPU
		{6CF7D1D9-FDD9-4158-9E0F-F102027291F0}.AppStore|x86.Build.0 = Release|Any CPU
		{6CF7D1D9-FDD9-4158-9E0F-F102027291F0}.Debug|Any CPU.ActiveCfg = Debug|Any CPU
		{6CF7D1D9-FDD9-4158-9E0F-F102027291F0}.Debug|Any CPU.Build.0 = Debug|Any CPU
		{6CF7D1D9-FDD9-4158-9E0F-F102027291F0}.Debug|ARM.ActiveCfg = Debug|Any CPU
		{6CF7D1D9-FDD9-4158-9E0F-F102027291F0}.Debug|ARM.Build.0 = Debug|Any CPU
		{6CF7D1D9-FDD9-4158-9E0F-F102027291F0}.Debug|iPhone.ActiveCfg = Debug|Any CPU
		{6CF7D1D9-FDD9-4158-9E0F-F102027291F0}.Debug|iPhone.Build.0 = Debug|Any CPU
		{6CF7D1D9-FDD9-4158-9E0F-F102027291F0}.Debug|iPhoneSimulator.ActiveCfg = Debug|Any CPU
		{6CF7D1D9-FDD9-4158-9E0F-F102027291F0}.Debug|iPhoneSimulator.Build.0 = Debug|Any CPU
		{6CF7D1D9-FDD9-4158-9E0F-F102027291F0}.Debug|x64.ActiveCfg = Debug|Any CPU
		{6CF7D1D9-FDD9-4158-9E0F-F102027291F0}.Debug|x64.Build.0 = Debug|Any CPU
		{6CF7D1D9-FDD9-4158-9E0F-F102027291F0}.Debug|x86.ActiveCfg = Debug|Any CPU
		{6CF7D1D9-FDD9-4158-9E0F-F102027291F0}.Debug|x86.Build.0 = Debug|Any CPU
		{6CF7D1D9-FDD9-4158-9E0F-F102027291F0}.Release|Any CPU.ActiveCfg = Release|Any CPU
		{6CF7D1D9-FDD9-4158-9E0F-F102027291F0}.Release|Any CPU.Build.0 = Release|Any CPU
		{6CF7D1D9-FDD9-4158-9E0F-F102027291F0}.Release|ARM.ActiveCfg = Release|Any CPU
		{6CF7D1D9-FDD9-4158-9E0F-F102027291F0}.Release|ARM.Build.0 = Release|Any CPU
		{6CF7D1D9-FDD9-4158-9E0F-F102027291F0}.Release|iPhone.ActiveCfg = Release|Any CPU
		{6CF7D1D9-FDD9-4158-9E0F-F102027291F0}.Release|iPhone.Build.0 = Release|Any CPU
		{6CF7D1D9-FDD9-4158-9E0F-F102027291F0}.Release|iPhoneSimulator.ActiveCfg = Release|Any CPU
		{6CF7D1D9-FDD9-4158-9E0F-F102027291F0}.Release|iPhoneSimulator.Build.0 = Release|Any CPU
		{6CF7D1D9-FDD9-4158-9E0F-F102027291F0}.Release|x64.ActiveCfg = Release|Any CPU
		{6CF7D1D9-FDD9-4158-9E0F-F102027291F0}.Release|x64.Build.0 = Release|Any CPU
		{6CF7D1D9-FDD9-4158-9E0F-F102027291F0}.Release|x86.ActiveCfg = Release|Any CPU
		{6CF7D1D9-FDD9-4158-9E0F-F102027291F0}.Release|x86.Build.0 = Release|Any CPU
		{CB52CFF4-F804-41A0-8408-A31365F4BA91}.Ad-Hoc|Any CPU.ActiveCfg = Release|Any CPU
		{CB52CFF4-F804-41A0-8408-A31365F4BA91}.Ad-Hoc|Any CPU.Build.0 = Release|Any CPU
		{CB52CFF4-F804-41A0-8408-A31365F4BA91}.Ad-Hoc|ARM.ActiveCfg = Release|Any CPU
		{CB52CFF4-F804-41A0-8408-A31365F4BA91}.Ad-Hoc|ARM.Build.0 = Release|Any CPU
		{CB52CFF4-F804-41A0-8408-A31365F4BA91}.Ad-Hoc|iPhone.ActiveCfg = Release|Any CPU
		{CB52CFF4-F804-41A0-8408-A31365F4BA91}.Ad-Hoc|iPhone.Build.0 = Release|Any CPU
		{CB52CFF4-F804-41A0-8408-A31365F4BA91}.Ad-Hoc|iPhoneSimulator.ActiveCfg = Release|Any CPU
		{CB52CFF4-F804-41A0-8408-A31365F4BA91}.Ad-Hoc|iPhoneSimulator.Build.0 = Release|Any CPU
		{CB52CFF4-F804-41A0-8408-A31365F4BA91}.Ad-Hoc|x64.ActiveCfg = Release|Any CPU
		{CB52CFF4-F804-41A0-8408-A31365F4BA91}.Ad-Hoc|x64.Build.0 = Release|Any CPU
		{CB52CFF4-F804-41A0-8408-A31365F4BA91}.Ad-Hoc|x86.ActiveCfg = Release|Any CPU
		{CB52CFF4-F804-41A0-8408-A31365F4BA91}.Ad-Hoc|x86.Build.0 = Release|Any CPU
		{CB52CFF4-F804-41A0-8408-A31365F4BA91}.AppStore|Any CPU.ActiveCfg = Release|Any CPU
		{CB52CFF4-F804-41A0-8408-A31365F4BA91}.AppStore|Any CPU.Build.0 = Release|Any CPU
		{CB52CFF4-F804-41A0-8408-A31365F4BA91}.AppStore|ARM.ActiveCfg = Release|Any CPU
		{CB52CFF4-F804-41A0-8408-A31365F4BA91}.AppStore|ARM.Build.0 = Release|Any CPU
		{CB52CFF4-F804-41A0-8408-A31365F4BA91}.AppStore|iPhone.ActiveCfg = Release|Any CPU
		{CB52CFF4-F804-41A0-8408-A31365F4BA91}.AppStore|iPhone.Build.0 = Release|Any CPU
		{CB52CFF4-F804-41A0-8408-A31365F4BA91}.AppStore|iPhoneSimulator.ActiveCfg = Release|Any CPU
		{CB52CFF4-F804-41A0-8408-A31365F4BA91}.AppStore|iPhoneSimulator.Build.0 = Release|Any CPU
		{CB52CFF4-F804-41A0-8408-A31365F4BA91}.AppStore|x64.ActiveCfg = Release|Any CPU
		{CB52CFF4-F804-41A0-8408-A31365F4BA91}.AppStore|x64.Build.0 = Release|Any CPU
		{CB52CFF4-F804-41A0-8408-A31365F4BA91}.AppStore|x86.ActiveCfg = Release|Any CPU
		{CB52CFF4-F804-41A0-8408-A31365F4BA91}.AppStore|x86.Build.0 = Release|Any CPU
		{CB52CFF4-F804-41A0-8408-A31365F4BA91}.Debug|Any CPU.ActiveCfg = Debug|Any CPU
		{CB52CFF4-F804-41A0-8408-A31365F4BA91}.Debug|Any CPU.Build.0 = Debug|Any CPU
		{CB52CFF4-F804-41A0-8408-A31365F4BA91}.Debug|ARM.ActiveCfg = Debug|Any CPU
		{CB52CFF4-F804-41A0-8408-A31365F4BA91}.Debug|ARM.Build.0 = Debug|Any CPU
		{CB52CFF4-F804-41A0-8408-A31365F4BA91}.Debug|iPhone.ActiveCfg = Debug|Any CPU
		{CB52CFF4-F804-41A0-8408-A31365F4BA91}.Debug|iPhone.Build.0 = Debug|Any CPU
		{CB52CFF4-F804-41A0-8408-A31365F4BA91}.Debug|iPhoneSimulator.ActiveCfg = Debug|Any CPU
		{CB52CFF4-F804-41A0-8408-A31365F4BA91}.Debug|iPhoneSimulator.Build.0 = Debug|Any CPU
		{CB52CFF4-F804-41A0-8408-A31365F4BA91}.Debug|x64.ActiveCfg = Debug|Any CPU
		{CB52CFF4-F804-41A0-8408-A31365F4BA91}.Debug|x64.Build.0 = Debug|Any CPU
		{CB52CFF4-F804-41A0-8408-A31365F4BA91}.Debug|x86.ActiveCfg = Debug|Any CPU
		{CB52CFF4-F804-41A0-8408-A31365F4BA91}.Debug|x86.Build.0 = Debug|Any CPU
		{CB52CFF4-F804-41A0-8408-A31365F4BA91}.Release|Any CPU.ActiveCfg = Release|Any CPU
		{CB52CFF4-F804-41A0-8408-A31365F4BA91}.Release|Any CPU.Build.0 = Release|Any CPU
		{CB52CFF4-F804-41A0-8408-A31365F4BA91}.Release|ARM.ActiveCfg = Release|Any CPU
		{CB52CFF4-F804-41A0-8408-A31365F4BA91}.Release|ARM.Build.0 = Release|Any CPU
		{CB52CFF4-F804-41A0-8408-A31365F4BA91}.Release|iPhone.ActiveCfg = Release|Any CPU
		{CB52CFF4-F804-41A0-8408-A31365F4BA91}.Release|iPhone.Build.0 = Release|Any CPU
		{CB52CFF4-F804-41A0-8408-A31365F4BA91}.Release|iPhoneSimulator.ActiveCfg = Release|Any CPU
		{CB52CFF4-F804-41A0-8408-A31365F4BA91}.Release|iPhoneSimulator.Build.0 = Release|Any CPU
		{CB52CFF4-F804-41A0-8408-A31365F4BA91}.Release|x64.ActiveCfg = Release|Any CPU
		{CB52CFF4-F804-41A0-8408-A31365F4BA91}.Release|x64.Build.0 = Release|Any CPU
		{CB52CFF4-F804-41A0-8408-A31365F4BA91}.Release|x86.ActiveCfg = Release|Any CPU
		{CB52CFF4-F804-41A0-8408-A31365F4BA91}.Release|x86.Build.0 = Release|Any CPU
		{951ED11D-D026-449C-90DC-5027BC41FB3B}.Ad-Hoc|Any CPU.ActiveCfg = Release|Any CPU
		{951ED11D-D026-449C-90DC-5027BC41FB3B}.Ad-Hoc|Any CPU.Build.0 = Release|Any CPU
		{951ED11D-D026-449C-90DC-5027BC41FB3B}.Ad-Hoc|ARM.ActiveCfg = Release|Any CPU
		{951ED11D-D026-449C-90DC-5027BC41FB3B}.Ad-Hoc|ARM.Build.0 = Release|Any CPU
		{951ED11D-D026-449C-90DC-5027BC41FB3B}.Ad-Hoc|iPhone.ActiveCfg = Release|Any CPU
		{951ED11D-D026-449C-90DC-5027BC41FB3B}.Ad-Hoc|iPhone.Build.0 = Release|Any CPU
		{951ED11D-D026-449C-90DC-5027BC41FB3B}.Ad-Hoc|iPhoneSimulator.ActiveCfg = Release|Any CPU
		{951ED11D-D026-449C-90DC-5027BC41FB3B}.Ad-Hoc|iPhoneSimulator.Build.0 = Release|Any CPU
		{951ED11D-D026-449C-90DC-5027BC41FB3B}.Ad-Hoc|x64.ActiveCfg = Release|Any CPU
		{951ED11D-D026-449C-90DC-5027BC41FB3B}.Ad-Hoc|x64.Build.0 = Release|Any CPU
		{951ED11D-D026-449C-90DC-5027BC41FB3B}.Ad-Hoc|x86.ActiveCfg = Release|Any CPU
		{951ED11D-D026-449C-90DC-5027BC41FB3B}.Ad-Hoc|x86.Build.0 = Release|Any CPU
		{951ED11D-D026-449C-90DC-5027BC41FB3B}.AppStore|Any CPU.ActiveCfg = Release|Any CPU
		{951ED11D-D026-449C-90DC-5027BC41FB3B}.AppStore|Any CPU.Build.0 = Release|Any CPU
		{951ED11D-D026-449C-90DC-5027BC41FB3B}.AppStore|ARM.ActiveCfg = Release|Any CPU
		{951ED11D-D026-449C-90DC-5027BC41FB3B}.AppStore|ARM.Build.0 = Release|Any CPU
		{951ED11D-D026-449C-90DC-5027BC41FB3B}.AppStore|iPhone.ActiveCfg = Release|Any CPU
		{951ED11D-D026-449C-90DC-5027BC41FB3B}.AppStore|iPhone.Build.0 = Release|Any CPU
		{951ED11D-D026-449C-90DC-5027BC41FB3B}.AppStore|iPhoneSimulator.ActiveCfg = Release|Any CPU
		{951ED11D-D026-449C-90DC-5027BC41FB3B}.AppStore|iPhoneSimulator.Build.0 = Release|Any CPU
		{951ED11D-D026-449C-90DC-5027BC41FB3B}.AppStore|x64.ActiveCfg = Release|Any CPU
		{951ED11D-D026-449C-90DC-5027BC41FB3B}.AppStore|x64.Build.0 = Release|Any CPU
		{951ED11D-D026-449C-90DC-5027BC41FB3B}.AppStore|x86.ActiveCfg = Release|Any CPU
		{951ED11D-D026-449C-90DC-5027BC41FB3B}.AppStore|x86.Build.0 = Release|Any CPU
		{951ED11D-D026-449C-90DC-5027BC41FB3B}.Debug|Any CPU.ActiveCfg = Debug|Any CPU
		{951ED11D-D026-449C-90DC-5027BC41FB3B}.Debug|Any CPU.Build.0 = Debug|Any CPU
		{951ED11D-D026-449C-90DC-5027BC41FB3B}.Debug|ARM.ActiveCfg = Debug|Any CPU
		{951ED11D-D026-449C-90DC-5027BC41FB3B}.Debug|ARM.Build.0 = Debug|Any CPU
		{951ED11D-D026-449C-90DC-5027BC41FB3B}.Debug|iPhone.ActiveCfg = Debug|Any CPU
		{951ED11D-D026-449C-90DC-5027BC41FB3B}.Debug|iPhone.Build.0 = Debug|Any CPU
		{951ED11D-D026-449C-90DC-5027BC41FB3B}.Debug|iPhoneSimulator.ActiveCfg = Debug|Any CPU
		{951ED11D-D026-449C-90DC-5027BC41FB3B}.Debug|iPhoneSimulator.Build.0 = Debug|Any CPU
		{951ED11D-D026-449C-90DC-5027BC41FB3B}.Debug|x64.ActiveCfg = Debug|Any CPU
		{951ED11D-D026-449C-90DC-5027BC41FB3B}.Debug|x64.Build.0 = Debug|Any CPU
		{951ED11D-D026-449C-90DC-5027BC41FB3B}.Debug|x86.ActiveCfg = Debug|Any CPU
		{951ED11D-D026-449C-90DC-5027BC41FB3B}.Debug|x86.Build.0 = Debug|Any CPU
		{951ED11D-D026-449C-90DC-5027BC41FB3B}.Release|Any CPU.ActiveCfg = Release|Any CPU
		{951ED11D-D026-449C-90DC-5027BC41FB3B}.Release|Any CPU.Build.0 = Release|Any CPU
		{951ED11D-D026-449C-90DC-5027BC41FB3B}.Release|ARM.ActiveCfg = Release|Any CPU
		{951ED11D-D026-449C-90DC-5027BC41FB3B}.Release|ARM.Build.0 = Release|Any CPU
		{951ED11D-D026-449C-90DC-5027BC41FB3B}.Release|iPhone.ActiveCfg = Release|Any CPU
		{951ED11D-D026-449C-90DC-5027BC41FB3B}.Release|iPhone.Build.0 = Release|Any CPU
		{951ED11D-D026-449C-90DC-5027BC41FB3B}.Release|iPhoneSimulator.ActiveCfg = Release|Any CPU
		{951ED11D-D026-449C-90DC-5027BC41FB3B}.Release|iPhoneSimulator.Build.0 = Release|Any CPU
		{951ED11D-D026-449C-90DC-5027BC41FB3B}.Release|x64.ActiveCfg = Release|Any CPU
		{951ED11D-D026-449C-90DC-5027BC41FB3B}.Release|x64.Build.0 = Release|Any CPU
		{951ED11D-D026-449C-90DC-5027BC41FB3B}.Release|x86.ActiveCfg = Release|Any CPU
		{951ED11D-D026-449C-90DC-5027BC41FB3B}.Release|x86.Build.0 = Release|Any CPU
		{80C10C11-6FCB-4038-B029-A700039E8F99}.Ad-Hoc|Any CPU.ActiveCfg = Release|Any CPU
		{80C10C11-6FCB-4038-B029-A700039E8F99}.Ad-Hoc|Any CPU.Build.0 = Release|Any CPU
		{80C10C11-6FCB-4038-B029-A700039E8F99}.Ad-Hoc|ARM.ActiveCfg = Release|Any CPU
		{80C10C11-6FCB-4038-B029-A700039E8F99}.Ad-Hoc|ARM.Build.0 = Release|Any CPU
		{80C10C11-6FCB-4038-B029-A700039E8F99}.Ad-Hoc|iPhone.ActiveCfg = Release|Any CPU
		{80C10C11-6FCB-4038-B029-A700039E8F99}.Ad-Hoc|iPhone.Build.0 = Release|Any CPU
		{80C10C11-6FCB-4038-B029-A700039E8F99}.Ad-Hoc|iPhoneSimulator.ActiveCfg = Release|Any CPU
		{80C10C11-6FCB-4038-B029-A700039E8F99}.Ad-Hoc|iPhoneSimulator.Build.0 = Release|Any CPU
		{80C10C11-6FCB-4038-B029-A700039E8F99}.Ad-Hoc|x64.ActiveCfg = Release|Any CPU
		{80C10C11-6FCB-4038-B029-A700039E8F99}.Ad-Hoc|x64.Build.0 = Release|Any CPU
		{80C10C11-6FCB-4038-B029-A700039E8F99}.Ad-Hoc|x86.ActiveCfg = Release|Any CPU
		{80C10C11-6FCB-4038-B029-A700039E8F99}.Ad-Hoc|x86.Build.0 = Release|Any CPU
		{80C10C11-6FCB-4038-B029-A700039E8F99}.AppStore|Any CPU.ActiveCfg = Release|Any CPU
		{80C10C11-6FCB-4038-B029-A700039E8F99}.AppStore|Any CPU.Build.0 = Release|Any CPU
		{80C10C11-6FCB-4038-B029-A700039E8F99}.AppStore|ARM.ActiveCfg = Release|Any CPU
		{80C10C11-6FCB-4038-B029-A700039E8F99}.AppStore|ARM.Build.0 = Release|Any CPU
		{80C10C11-6FCB-4038-B029-A700039E8F99}.AppStore|iPhone.ActiveCfg = Release|Any CPU
		{80C10C11-6FCB-4038-B029-A700039E8F99}.AppStore|iPhone.Build.0 = Release|Any CPU
		{80C10C11-6FCB-4038-B029-A700039E8F99}.AppStore|iPhoneSimulator.ActiveCfg = Release|Any CPU
		{80C10C11-6FCB-4038-B029-A700039E8F99}.AppStore|iPhoneSimulator.Build.0 = Release|Any CPU
		{80C10C11-6FCB-4038-B029-A700039E8F99}.AppStore|x64.ActiveCfg = Release|Any CPU
		{80C10C11-6FCB-4038-B029-A700039E8F99}.AppStore|x64.Build.0 = Release|Any CPU
		{80C10C11-6FCB-4038-B029-A700039E8F99}.AppStore|x86.ActiveCfg = Release|Any CPU
		{80C10C11-6FCB-4038-B029-A700039E8F99}.AppStore|x86.Build.0 = Release|Any CPU
		{80C10C11-6FCB-4038-B029-A700039E8F99}.Debug|Any CPU.ActiveCfg = Debug|Any CPU
		{80C10C11-6FCB-4038-B029-A700039E8F99}.Debug|Any CPU.Build.0 = Debug|Any CPU
		{80C10C11-6FCB-4038-B029-A700039E8F99}.Debug|ARM.ActiveCfg = Debug|Any CPU
		{80C10C11-6FCB-4038-B029-A700039E8F99}.Debug|ARM.Build.0 = Debug|Any CPU
		{80C10C11-6FCB-4038-B029-A700039E8F99}.Debug|iPhone.ActiveCfg = Debug|Any CPU
		{80C10C11-6FCB-4038-B029-A700039E8F99}.Debug|iPhone.Build.0 = Debug|Any CPU
		{80C10C11-6FCB-4038-B029-A700039E8F99}.Debug|iPhoneSimulator.ActiveCfg = Debug|Any CPU
		{80C10C11-6FCB-4038-B029-A700039E8F99}.Debug|iPhoneSimulator.Build.0 = Debug|Any CPU
		{80C10C11-6FCB-4038-B029-A700039E8F99}.Debug|x64.ActiveCfg = Debug|Any CPU
		{80C10C11-6FCB-4038-B029-A700039E8F99}.Debug|x64.Build.0 = Debug|Any CPU
		{80C10C11-6FCB-4038-B029-A700039E8F99}.Debug|x86.ActiveCfg = Debug|Any CPU
		{80C10C11-6FCB-4038-B029-A700039E8F99}.Debug|x86.Build.0 = Debug|Any CPU
		{80C10C11-6FCB-4038-B029-A700039E8F99}.Release|Any CPU.ActiveCfg = Release|Any CPU
		{80C10C11-6FCB-4038-B029-A700039E8F99}.Release|Any CPU.Build.0 = Release|Any CPU
		{80C10C11-6FCB-4038-B029-A700039E8F99}.Release|ARM.ActiveCfg = Release|Any CPU
		{80C10C11-6FCB-4038-B029-A700039E8F99}.Release|ARM.Build.0 = Release|Any CPU
		{80C10C11-6FCB-4038-B029-A700039E8F99}.Release|iPhone.ActiveCfg = Release|Any CPU
		{80C10C11-6FCB-4038-B029-A700039E8F99}.Release|iPhone.Build.0 = Release|Any CPU
		{80C10C11-6FCB-4038-B029-A700039E8F99}.Release|iPhoneSimulator.ActiveCfg = Release|Any CPU
		{80C10C11-6FCB-4038-B029-A700039E8F99}.Release|iPhoneSimulator.Build.0 = Release|Any CPU
		{80C10C11-6FCB-4038-B029-A700039E8F99}.Release|x64.ActiveCfg = Release|Any CPU
		{80C10C11-6FCB-4038-B029-A700039E8F99}.Release|x64.Build.0 = Release|Any CPU
		{80C10C11-6FCB-4038-B029-A700039E8F99}.Release|x86.ActiveCfg = Release|Any CPU
		{80C10C11-6FCB-4038-B029-A700039E8F99}.Release|x86.Build.0 = Release|Any CPU
		{DFE97BE0-070B-43AD-BF37-50FD42B542D1}.Ad-Hoc|Any CPU.ActiveCfg = Release|Any CPU
		{DFE97BE0-070B-43AD-BF37-50FD42B542D1}.Ad-Hoc|Any CPU.Build.0 = Release|Any CPU
		{DFE97BE0-070B-43AD-BF37-50FD42B542D1}.Ad-Hoc|ARM.ActiveCfg = Release|Any CPU
		{DFE97BE0-070B-43AD-BF37-50FD42B542D1}.Ad-Hoc|ARM.Build.0 = Release|Any CPU
		{DFE97BE0-070B-43AD-BF37-50FD42B542D1}.Ad-Hoc|iPhone.ActiveCfg = Release|Any CPU
		{DFE97BE0-070B-43AD-BF37-50FD42B542D1}.Ad-Hoc|iPhone.Build.0 = Release|Any CPU
		{DFE97BE0-070B-43AD-BF37-50FD42B542D1}.Ad-Hoc|iPhoneSimulator.ActiveCfg = Release|Any CPU
		{DFE97BE0-070B-43AD-BF37-50FD42B542D1}.Ad-Hoc|iPhoneSimulator.Build.0 = Release|Any CPU
		{DFE97BE0-070B-43AD-BF37-50FD42B542D1}.Ad-Hoc|x64.ActiveCfg = Release|Any CPU
		{DFE97BE0-070B-43AD-BF37-50FD42B542D1}.Ad-Hoc|x64.Build.0 = Release|Any CPU
		{DFE97BE0-070B-43AD-BF37-50FD42B542D1}.Ad-Hoc|x86.ActiveCfg = Release|Any CPU
		{DFE97BE0-070B-43AD-BF37-50FD42B542D1}.Ad-Hoc|x86.Build.0 = Release|Any CPU
		{DFE97BE0-070B-43AD-BF37-50FD42B542D1}.AppStore|Any CPU.ActiveCfg = Release|Any CPU
		{DFE97BE0-070B-43AD-BF37-50FD42B542D1}.AppStore|Any CPU.Build.0 = Release|Any CPU
		{DFE97BE0-070B-43AD-BF37-50FD42B542D1}.AppStore|ARM.ActiveCfg = Release|Any CPU
		{DFE97BE0-070B-43AD-BF37-50FD42B542D1}.AppStore|ARM.Build.0 = Release|Any CPU
		{DFE97BE0-070B-43AD-BF37-50FD42B542D1}.AppStore|iPhone.ActiveCfg = Release|Any CPU
		{DFE97BE0-070B-43AD-BF37-50FD42B542D1}.AppStore|iPhone.Build.0 = Release|Any CPU
		{DFE97BE0-070B-43AD-BF37-50FD42B542D1}.AppStore|iPhoneSimulator.ActiveCfg = Release|Any CPU
		{DFE97BE0-070B-43AD-BF37-50FD42B542D1}.AppStore|iPhoneSimulator.Build.0 = Release|Any CPU
		{DFE97BE0-070B-43AD-BF37-50FD42B542D1}.AppStore|x64.ActiveCfg = Release|Any CPU
		{DFE97BE0-070B-43AD-BF37-50FD42B542D1}.AppStore|x64.Build.0 = Release|Any CPU
		{DFE97BE0-070B-43AD-BF37-50FD42B542D1}.AppStore|x86.ActiveCfg = Release|Any CPU
		{DFE97BE0-070B-43AD-BF37-50FD42B542D1}.AppStore|x86.Build.0 = Release|Any CPU
		{DFE97BE0-070B-43AD-BF37-50FD42B542D1}.Debug|Any CPU.ActiveCfg = Debug|Any CPU
		{DFE97BE0-070B-43AD-BF37-50FD42B542D1}.Debug|Any CPU.Build.0 = Debug|Any CPU
		{DFE97BE0-070B-43AD-BF37-50FD42B542D1}.Debug|ARM.ActiveCfg = Debug|Any CPU
		{DFE97BE0-070B-43AD-BF37-50FD42B542D1}.Debug|ARM.Build.0 = Debug|Any CPU
		{DFE97BE0-070B-43AD-BF37-50FD42B542D1}.Debug|iPhone.ActiveCfg = Debug|Any CPU
		{DFE97BE0-070B-43AD-BF37-50FD42B542D1}.Debug|iPhone.Build.0 = Debug|Any CPU
		{DFE97BE0-070B-43AD-BF37-50FD42B542D1}.Debug|iPhoneSimulator.ActiveCfg = Debug|Any CPU
		{DFE97BE0-070B-43AD-BF37-50FD42B542D1}.Debug|iPhoneSimulator.Build.0 = Debug|Any CPU
		{DFE97BE0-070B-43AD-BF37-50FD42B542D1}.Debug|x64.ActiveCfg = Debug|Any CPU
		{DFE97BE0-070B-43AD-BF37-50FD42B542D1}.Debug|x64.Build.0 = Debug|Any CPU
		{DFE97BE0-070B-43AD-BF37-50FD42B542D1}.Debug|x86.ActiveCfg = Debug|Any CPU
		{DFE97BE0-070B-43AD-BF37-50FD42B542D1}.Debug|x86.Build.0 = Debug|Any CPU
		{DFE97BE0-070B-43AD-BF37-50FD42B542D1}.Release|Any CPU.ActiveCfg = Release|Any CPU
		{DFE97BE0-070B-43AD-BF37-50FD42B542D1}.Release|Any CPU.Build.0 = Release|Any CPU
		{DFE97BE0-070B-43AD-BF37-50FD42B542D1}.Release|ARM.ActiveCfg = Release|Any CPU
		{DFE97BE0-070B-43AD-BF37-50FD42B542D1}.Release|ARM.Build.0 = Release|Any CPU
		{DFE97BE0-070B-43AD-BF37-50FD42B542D1}.Release|iPhone.ActiveCfg = Release|Any CPU
		{DFE97BE0-070B-43AD-BF37-50FD42B542D1}.Release|iPhone.Build.0 = Release|Any CPU
		{DFE97BE0-070B-43AD-BF37-50FD42B542D1}.Release|iPhoneSimulator.ActiveCfg = Release|Any CPU
		{DFE97BE0-070B-43AD-BF37-50FD42B542D1}.Release|iPhoneSimulator.Build.0 = Release|Any CPU
		{DFE97BE0-070B-43AD-BF37-50FD42B542D1}.Release|x64.ActiveCfg = Release|Any CPU
		{DFE97BE0-070B-43AD-BF37-50FD42B542D1}.Release|x64.Build.0 = Release|Any CPU
		{DFE97BE0-070B-43AD-BF37-50FD42B542D1}.Release|x86.ActiveCfg = Release|Any CPU
		{DFE97BE0-070B-43AD-BF37-50FD42B542D1}.Release|x86.Build.0 = Release|Any CPU
		{7B0E4EFD-EEB8-4CE9-9C8D-7A4BF734E9A7}.Ad-Hoc|Any CPU.ActiveCfg = Release|Any CPU
		{7B0E4EFD-EEB8-4CE9-9C8D-7A4BF734E9A7}.Ad-Hoc|Any CPU.Build.0 = Release|Any CPU
		{7B0E4EFD-EEB8-4CE9-9C8D-7A4BF734E9A7}.Ad-Hoc|Any CPU.Deploy.0 = Release|Any CPU
		{7B0E4EFD-EEB8-4CE9-9C8D-7A4BF734E9A7}.Ad-Hoc|ARM.ActiveCfg = Release|Any CPU
		{7B0E4EFD-EEB8-4CE9-9C8D-7A4BF734E9A7}.Ad-Hoc|ARM.Build.0 = Release|Any CPU
		{7B0E4EFD-EEB8-4CE9-9C8D-7A4BF734E9A7}.Ad-Hoc|ARM.Deploy.0 = Release|Any CPU
		{7B0E4EFD-EEB8-4CE9-9C8D-7A4BF734E9A7}.Ad-Hoc|iPhone.ActiveCfg = Release|Any CPU
		{7B0E4EFD-EEB8-4CE9-9C8D-7A4BF734E9A7}.Ad-Hoc|iPhone.Build.0 = Release|Any CPU
		{7B0E4EFD-EEB8-4CE9-9C8D-7A4BF734E9A7}.Ad-Hoc|iPhoneSimulator.ActiveCfg = Release|Any CPU
		{7B0E4EFD-EEB8-4CE9-9C8D-7A4BF734E9A7}.Ad-Hoc|iPhoneSimulator.Build.0 = Release|Any CPU
		{7B0E4EFD-EEB8-4CE9-9C8D-7A4BF734E9A7}.Ad-Hoc|x64.ActiveCfg = Release|Any CPU
		{7B0E4EFD-EEB8-4CE9-9C8D-7A4BF734E9A7}.Ad-Hoc|x64.Build.0 = Release|Any CPU
		{7B0E4EFD-EEB8-4CE9-9C8D-7A4BF734E9A7}.Ad-Hoc|x64.Deploy.0 = Release|Any CPU
		{7B0E4EFD-EEB8-4CE9-9C8D-7A4BF734E9A7}.Ad-Hoc|x86.ActiveCfg = Release|Any CPU
		{7B0E4EFD-EEB8-4CE9-9C8D-7A4BF734E9A7}.Ad-Hoc|x86.Build.0 = Release|Any CPU
		{7B0E4EFD-EEB8-4CE9-9C8D-7A4BF734E9A7}.Ad-Hoc|x86.Deploy.0 = Release|Any CPU
		{7B0E4EFD-EEB8-4CE9-9C8D-7A4BF734E9A7}.AppStore|Any CPU.ActiveCfg = Release|Any CPU
		{7B0E4EFD-EEB8-4CE9-9C8D-7A4BF734E9A7}.AppStore|Any CPU.Build.0 = Release|Any CPU
		{7B0E4EFD-EEB8-4CE9-9C8D-7A4BF734E9A7}.AppStore|Any CPU.Deploy.0 = Release|Any CPU
		{7B0E4EFD-EEB8-4CE9-9C8D-7A4BF734E9A7}.AppStore|ARM.ActiveCfg = Release|Any CPU
		{7B0E4EFD-EEB8-4CE9-9C8D-7A4BF734E9A7}.AppStore|ARM.Build.0 = Release|Any CPU
		{7B0E4EFD-EEB8-4CE9-9C8D-7A4BF734E9A7}.AppStore|ARM.Deploy.0 = Release|Any CPU
		{7B0E4EFD-EEB8-4CE9-9C8D-7A4BF734E9A7}.AppStore|iPhone.ActiveCfg = Release|Any CPU
		{7B0E4EFD-EEB8-4CE9-9C8D-7A4BF734E9A7}.AppStore|iPhone.Build.0 = Release|Any CPU
		{7B0E4EFD-EEB8-4CE9-9C8D-7A4BF734E9A7}.AppStore|iPhoneSimulator.ActiveCfg = Release|Any CPU
		{7B0E4EFD-EEB8-4CE9-9C8D-7A4BF734E9A7}.AppStore|iPhoneSimulator.Build.0 = Release|Any CPU
		{7B0E4EFD-EEB8-4CE9-9C8D-7A4BF734E9A7}.AppStore|x64.ActiveCfg = Release|Any CPU
		{7B0E4EFD-EEB8-4CE9-9C8D-7A4BF734E9A7}.AppStore|x64.Build.0 = Release|Any CPU
		{7B0E4EFD-EEB8-4CE9-9C8D-7A4BF734E9A7}.AppStore|x64.Deploy.0 = Release|Any CPU
		{7B0E4EFD-EEB8-4CE9-9C8D-7A4BF734E9A7}.AppStore|x86.ActiveCfg = Release|Any CPU
		{7B0E4EFD-EEB8-4CE9-9C8D-7A4BF734E9A7}.AppStore|x86.Build.0 = Release|Any CPU
		{7B0E4EFD-EEB8-4CE9-9C8D-7A4BF734E9A7}.AppStore|x86.Deploy.0 = Release|Any CPU
		{7B0E4EFD-EEB8-4CE9-9C8D-7A4BF734E9A7}.Debug|Any CPU.ActiveCfg = Debug|Any CPU
		{7B0E4EFD-EEB8-4CE9-9C8D-7A4BF734E9A7}.Debug|Any CPU.Build.0 = Debug|Any CPU
		{7B0E4EFD-EEB8-4CE9-9C8D-7A4BF734E9A7}.Debug|Any CPU.Deploy.0 = Debug|Any CPU
		{7B0E4EFD-EEB8-4CE9-9C8D-7A4BF734E9A7}.Debug|ARM.ActiveCfg = Debug|Any CPU
		{7B0E4EFD-EEB8-4CE9-9C8D-7A4BF734E9A7}.Debug|ARM.Build.0 = Debug|Any CPU
		{7B0E4EFD-EEB8-4CE9-9C8D-7A4BF734E9A7}.Debug|ARM.Deploy.0 = Debug|Any CPU
		{7B0E4EFD-EEB8-4CE9-9C8D-7A4BF734E9A7}.Debug|iPhone.ActiveCfg = Debug|Any CPU
		{7B0E4EFD-EEB8-4CE9-9C8D-7A4BF734E9A7}.Debug|iPhone.Build.0 = Debug|Any CPU
		{7B0E4EFD-EEB8-4CE9-9C8D-7A4BF734E9A7}.Debug|iPhoneSimulator.ActiveCfg = Debug|Any CPU
		{7B0E4EFD-EEB8-4CE9-9C8D-7A4BF734E9A7}.Debug|iPhoneSimulator.Build.0 = Debug|Any CPU
		{7B0E4EFD-EEB8-4CE9-9C8D-7A4BF734E9A7}.Debug|x64.ActiveCfg = Debug|Any CPU
		{7B0E4EFD-EEB8-4CE9-9C8D-7A4BF734E9A7}.Debug|x64.Build.0 = Debug|Any CPU
		{7B0E4EFD-EEB8-4CE9-9C8D-7A4BF734E9A7}.Debug|x64.Deploy.0 = Debug|Any CPU
		{7B0E4EFD-EEB8-4CE9-9C8D-7A4BF734E9A7}.Debug|x86.ActiveCfg = Debug|Any CPU
		{7B0E4EFD-EEB8-4CE9-9C8D-7A4BF734E9A7}.Debug|x86.Build.0 = Debug|Any CPU
		{7B0E4EFD-EEB8-4CE9-9C8D-7A4BF734E9A7}.Debug|x86.Deploy.0 = Debug|Any CPU
		{7B0E4EFD-EEB8-4CE9-9C8D-7A4BF734E9A7}.Release|Any CPU.ActiveCfg = Release|Any CPU
		{7B0E4EFD-EEB8-4CE9-9C8D-7A4BF734E9A7}.Release|Any CPU.Build.0 = Release|Any CPU
		{7B0E4EFD-EEB8-4CE9-9C8D-7A4BF734E9A7}.Release|Any CPU.Deploy.0 = Release|Any CPU
		{7B0E4EFD-EEB8-4CE9-9C8D-7A4BF734E9A7}.Release|ARM.ActiveCfg = Release|Any CPU
		{7B0E4EFD-EEB8-4CE9-9C8D-7A4BF734E9A7}.Release|ARM.Build.0 = Release|Any CPU
		{7B0E4EFD-EEB8-4CE9-9C8D-7A4BF734E9A7}.Release|ARM.Deploy.0 = Release|Any CPU
		{7B0E4EFD-EEB8-4CE9-9C8D-7A4BF734E9A7}.Release|iPhone.ActiveCfg = Release|Any CPU
		{7B0E4EFD-EEB8-4CE9-9C8D-7A4BF734E9A7}.Release|iPhone.Build.0 = Release|Any CPU
		{7B0E4EFD-EEB8-4CE9-9C8D-7A4BF734E9A7}.Release|iPhone.Deploy.0 = Release|Any CPU
		{7B0E4EFD-EEB8-4CE9-9C8D-7A4BF734E9A7}.Release|iPhoneSimulator.ActiveCfg = Release|Any CPU
		{7B0E4EFD-EEB8-4CE9-9C8D-7A4BF734E9A7}.Release|iPhoneSimulator.Build.0 = Release|Any CPU
		{7B0E4EFD-EEB8-4CE9-9C8D-7A4BF734E9A7}.Release|x64.ActiveCfg = Release|Any CPU
		{7B0E4EFD-EEB8-4CE9-9C8D-7A4BF734E9A7}.Release|x64.Build.0 = Release|Any CPU
		{7B0E4EFD-EEB8-4CE9-9C8D-7A4BF734E9A7}.Release|x64.Deploy.0 = Release|Any CPU
		{7B0E4EFD-EEB8-4CE9-9C8D-7A4BF734E9A7}.Release|x86.ActiveCfg = Release|Any CPU
		{7B0E4EFD-EEB8-4CE9-9C8D-7A4BF734E9A7}.Release|x86.Build.0 = Release|Any CPU
		{7B0E4EFD-EEB8-4CE9-9C8D-7A4BF734E9A7}.Release|x86.Deploy.0 = Release|Any CPU
		{D0FBE2BA-799B-4071-A45D-8FB037006C9C}.Ad-Hoc|Any CPU.ActiveCfg = Ad-Hoc|iPhone
		{D0FBE2BA-799B-4071-A45D-8FB037006C9C}.Ad-Hoc|ARM.ActiveCfg = Ad-Hoc|iPhone
		{D0FBE2BA-799B-4071-A45D-8FB037006C9C}.Ad-Hoc|iPhone.ActiveCfg = Ad-Hoc|iPhone
		{D0FBE2BA-799B-4071-A45D-8FB037006C9C}.Ad-Hoc|iPhone.Build.0 = Ad-Hoc|iPhone
		{D0FBE2BA-799B-4071-A45D-8FB037006C9C}.Ad-Hoc|iPhoneSimulator.ActiveCfg = Ad-Hoc|iPhoneSimulator
		{D0FBE2BA-799B-4071-A45D-8FB037006C9C}.Ad-Hoc|iPhoneSimulator.Build.0 = Ad-Hoc|iPhoneSimulator
		{D0FBE2BA-799B-4071-A45D-8FB037006C9C}.Ad-Hoc|x64.ActiveCfg = Ad-Hoc|iPhone
		{D0FBE2BA-799B-4071-A45D-8FB037006C9C}.Ad-Hoc|x86.ActiveCfg = Ad-Hoc|iPhone
		{D0FBE2BA-799B-4071-A45D-8FB037006C9C}.AppStore|Any CPU.ActiveCfg = AppStore|iPhone
		{D0FBE2BA-799B-4071-A45D-8FB037006C9C}.AppStore|ARM.ActiveCfg = AppStore|iPhone
		{D0FBE2BA-799B-4071-A45D-8FB037006C9C}.AppStore|iPhone.ActiveCfg = AppStore|iPhone
		{D0FBE2BA-799B-4071-A45D-8FB037006C9C}.AppStore|iPhone.Build.0 = AppStore|iPhone
		{D0FBE2BA-799B-4071-A45D-8FB037006C9C}.AppStore|iPhoneSimulator.ActiveCfg = AppStore|iPhoneSimulator
		{D0FBE2BA-799B-4071-A45D-8FB037006C9C}.AppStore|iPhoneSimulator.Build.0 = AppStore|iPhoneSimulator
		{D0FBE2BA-799B-4071-A45D-8FB037006C9C}.AppStore|x64.ActiveCfg = AppStore|iPhone
		{D0FBE2BA-799B-4071-A45D-8FB037006C9C}.AppStore|x86.ActiveCfg = AppStore|iPhone
		{D0FBE2BA-799B-4071-A45D-8FB037006C9C}.Debug|Any CPU.ActiveCfg = Debug|iPhone
		{D0FBE2BA-799B-4071-A45D-8FB037006C9C}.Debug|ARM.ActiveCfg = Debug|iPhone
		{D0FBE2BA-799B-4071-A45D-8FB037006C9C}.Debug|iPhone.ActiveCfg = Debug|iPhone
		{D0FBE2BA-799B-4071-A45D-8FB037006C9C}.Debug|iPhone.Build.0 = Debug|iPhone
		{D0FBE2BA-799B-4071-A45D-8FB037006C9C}.Debug|iPhone.Deploy.0 = Debug|iPhone
		{D0FBE2BA-799B-4071-A45D-8FB037006C9C}.Debug|iPhoneSimulator.ActiveCfg = Debug|iPhone
		{D0FBE2BA-799B-4071-A45D-8FB037006C9C}.Debug|iPhoneSimulator.Build.0 = Debug|iPhone
		{D0FBE2BA-799B-4071-A45D-8FB037006C9C}.Debug|x64.ActiveCfg = Debug|iPhone
		{D0FBE2BA-799B-4071-A45D-8FB037006C9C}.Debug|x86.ActiveCfg = Debug|iPhone
		{D0FBE2BA-799B-4071-A45D-8FB037006C9C}.Release|Any CPU.ActiveCfg = Release|iPhone
		{D0FBE2BA-799B-4071-A45D-8FB037006C9C}.Release|ARM.ActiveCfg = Release|iPhone
		{D0FBE2BA-799B-4071-A45D-8FB037006C9C}.Release|iPhone.ActiveCfg = Release|iPhone
		{D0FBE2BA-799B-4071-A45D-8FB037006C9C}.Release|iPhone.Build.0 = Release|iPhone
		{D0FBE2BA-799B-4071-A45D-8FB037006C9C}.Release|iPhoneSimulator.ActiveCfg = Release|iPhoneSimulator
		{D0FBE2BA-799B-4071-A45D-8FB037006C9C}.Release|iPhoneSimulator.Build.0 = Release|iPhoneSimulator
		{D0FBE2BA-799B-4071-A45D-8FB037006C9C}.Release|x64.ActiveCfg = Release|iPhone
		{D0FBE2BA-799B-4071-A45D-8FB037006C9C}.Release|x86.ActiveCfg = Release|iPhone
		{F8374603-78C8-4CB8-A622-EC9226424474}.Ad-Hoc|Any CPU.ActiveCfg = Release|Any CPU
		{F8374603-78C8-4CB8-A622-EC9226424474}.Ad-Hoc|Any CPU.Build.0 = Release|Any CPU
		{F8374603-78C8-4CB8-A622-EC9226424474}.Ad-Hoc|ARM.ActiveCfg = Release|Any CPU
		{F8374603-78C8-4CB8-A622-EC9226424474}.Ad-Hoc|ARM.Build.0 = Release|Any CPU
		{F8374603-78C8-4CB8-A622-EC9226424474}.Ad-Hoc|iPhone.ActiveCfg = Release|Any CPU
		{F8374603-78C8-4CB8-A622-EC9226424474}.Ad-Hoc|iPhone.Build.0 = Release|Any CPU
		{F8374603-78C8-4CB8-A622-EC9226424474}.Ad-Hoc|iPhoneSimulator.ActiveCfg = Release|Any CPU
		{F8374603-78C8-4CB8-A622-EC9226424474}.Ad-Hoc|iPhoneSimulator.Build.0 = Release|Any CPU
		{F8374603-78C8-4CB8-A622-EC9226424474}.Ad-Hoc|x64.ActiveCfg = Release|Any CPU
		{F8374603-78C8-4CB8-A622-EC9226424474}.Ad-Hoc|x64.Build.0 = Release|Any CPU
		{F8374603-78C8-4CB8-A622-EC9226424474}.Ad-Hoc|x86.ActiveCfg = Release|Any CPU
		{F8374603-78C8-4CB8-A622-EC9226424474}.Ad-Hoc|x86.Build.0 = Release|Any CPU
		{F8374603-78C8-4CB8-A622-EC9226424474}.AppStore|Any CPU.ActiveCfg = Release|Any CPU
		{F8374603-78C8-4CB8-A622-EC9226424474}.AppStore|Any CPU.Build.0 = Release|Any CPU
		{F8374603-78C8-4CB8-A622-EC9226424474}.AppStore|ARM.ActiveCfg = Release|Any CPU
		{F8374603-78C8-4CB8-A622-EC9226424474}.AppStore|ARM.Build.0 = Release|Any CPU
		{F8374603-78C8-4CB8-A622-EC9226424474}.AppStore|iPhone.ActiveCfg = Release|Any CPU
		{F8374603-78C8-4CB8-A622-EC9226424474}.AppStore|iPhone.Build.0 = Release|Any CPU
		{F8374603-78C8-4CB8-A622-EC9226424474}.AppStore|iPhoneSimulator.ActiveCfg = Release|Any CPU
		{F8374603-78C8-4CB8-A622-EC9226424474}.AppStore|iPhoneSimulator.Build.0 = Release|Any CPU
		{F8374603-78C8-4CB8-A622-EC9226424474}.AppStore|x64.ActiveCfg = Release|Any CPU
		{F8374603-78C8-4CB8-A622-EC9226424474}.AppStore|x64.Build.0 = Release|Any CPU
		{F8374603-78C8-4CB8-A622-EC9226424474}.AppStore|x86.ActiveCfg = Release|Any CPU
		{F8374603-78C8-4CB8-A622-EC9226424474}.AppStore|x86.Build.0 = Release|Any CPU
		{F8374603-78C8-4CB8-A622-EC9226424474}.Debug|Any CPU.ActiveCfg = Debug|Any CPU
		{F8374603-78C8-4CB8-A622-EC9226424474}.Debug|Any CPU.Build.0 = Debug|Any CPU
		{F8374603-78C8-4CB8-A622-EC9226424474}.Debug|ARM.ActiveCfg = Debug|Any CPU
		{F8374603-78C8-4CB8-A622-EC9226424474}.Debug|ARM.Build.0 = Debug|Any CPU
		{F8374603-78C8-4CB8-A622-EC9226424474}.Debug|iPhone.ActiveCfg = Debug|Any CPU
		{F8374603-78C8-4CB8-A622-EC9226424474}.Debug|iPhone.Build.0 = Debug|Any CPU
		{F8374603-78C8-4CB8-A622-EC9226424474}.Debug|iPhoneSimulator.ActiveCfg = Debug|Any CPU
		{F8374603-78C8-4CB8-A622-EC9226424474}.Debug|iPhoneSimulator.Build.0 = Debug|Any CPU
		{F8374603-78C8-4CB8-A622-EC9226424474}.Debug|x64.ActiveCfg = Debug|Any CPU
		{F8374603-78C8-4CB8-A622-EC9226424474}.Debug|x64.Build.0 = Debug|Any CPU
		{F8374603-78C8-4CB8-A622-EC9226424474}.Debug|x86.ActiveCfg = Debug|Any CPU
		{F8374603-78C8-4CB8-A622-EC9226424474}.Debug|x86.Build.0 = Debug|Any CPU
		{F8374603-78C8-4CB8-A622-EC9226424474}.Release|Any CPU.ActiveCfg = Release|Any CPU
		{F8374603-78C8-4CB8-A622-EC9226424474}.Release|Any CPU.Build.0 = Release|Any CPU
		{F8374603-78C8-4CB8-A622-EC9226424474}.Release|ARM.ActiveCfg = Release|Any CPU
		{F8374603-78C8-4CB8-A622-EC9226424474}.Release|ARM.Build.0 = Release|Any CPU
		{F8374603-78C8-4CB8-A622-EC9226424474}.Release|iPhone.ActiveCfg = Release|Any CPU
		{F8374603-78C8-4CB8-A622-EC9226424474}.Release|iPhone.Build.0 = Release|Any CPU
		{F8374603-78C8-4CB8-A622-EC9226424474}.Release|iPhoneSimulator.ActiveCfg = Release|Any CPU
		{F8374603-78C8-4CB8-A622-EC9226424474}.Release|iPhoneSimulator.Build.0 = Release|Any CPU
		{F8374603-78C8-4CB8-A622-EC9226424474}.Release|x64.ActiveCfg = Release|Any CPU
		{F8374603-78C8-4CB8-A622-EC9226424474}.Release|x64.Build.0 = Release|Any CPU
		{F8374603-78C8-4CB8-A622-EC9226424474}.Release|x86.ActiveCfg = Release|Any CPU
		{F8374603-78C8-4CB8-A622-EC9226424474}.Release|x86.Build.0 = Release|Any CPU
		{56531910-6309-4F1D-A12B-F69E2914FAE6}.Ad-Hoc|Any CPU.ActiveCfg = Debug|Any CPU
		{56531910-6309-4F1D-A12B-F69E2914FAE6}.Ad-Hoc|Any CPU.Build.0 = Debug|Any CPU
		{56531910-6309-4F1D-A12B-F69E2914FAE6}.Ad-Hoc|ARM.ActiveCfg = Debug|Any CPU
		{56531910-6309-4F1D-A12B-F69E2914FAE6}.Ad-Hoc|ARM.Build.0 = Debug|Any CPU
		{56531910-6309-4F1D-A12B-F69E2914FAE6}.Ad-Hoc|iPhone.ActiveCfg = Debug|Any CPU
		{56531910-6309-4F1D-A12B-F69E2914FAE6}.Ad-Hoc|iPhone.Build.0 = Debug|Any CPU
		{56531910-6309-4F1D-A12B-F69E2914FAE6}.Ad-Hoc|iPhoneSimulator.ActiveCfg = Debug|Any CPU
		{56531910-6309-4F1D-A12B-F69E2914FAE6}.Ad-Hoc|iPhoneSimulator.Build.0 = Debug|Any CPU
		{56531910-6309-4F1D-A12B-F69E2914FAE6}.Ad-Hoc|x64.ActiveCfg = Debug|Any CPU
		{56531910-6309-4F1D-A12B-F69E2914FAE6}.Ad-Hoc|x64.Build.0 = Debug|Any CPU
		{56531910-6309-4F1D-A12B-F69E2914FAE6}.Ad-Hoc|x86.ActiveCfg = Debug|Any CPU
		{56531910-6309-4F1D-A12B-F69E2914FAE6}.Ad-Hoc|x86.Build.0 = Debug|Any CPU
		{56531910-6309-4F1D-A12B-F69E2914FAE6}.AppStore|Any CPU.ActiveCfg = Debug|Any CPU
		{56531910-6309-4F1D-A12B-F69E2914FAE6}.AppStore|Any CPU.Build.0 = Debug|Any CPU
		{56531910-6309-4F1D-A12B-F69E2914FAE6}.AppStore|ARM.ActiveCfg = Debug|Any CPU
		{56531910-6309-4F1D-A12B-F69E2914FAE6}.AppStore|ARM.Build.0 = Debug|Any CPU
		{56531910-6309-4F1D-A12B-F69E2914FAE6}.AppStore|iPhone.ActiveCfg = Debug|Any CPU
		{56531910-6309-4F1D-A12B-F69E2914FAE6}.AppStore|iPhone.Build.0 = Debug|Any CPU
		{56531910-6309-4F1D-A12B-F69E2914FAE6}.AppStore|iPhoneSimulator.ActiveCfg = Debug|Any CPU
		{56531910-6309-4F1D-A12B-F69E2914FAE6}.AppStore|iPhoneSimulator.Build.0 = Debug|Any CPU
		{56531910-6309-4F1D-A12B-F69E2914FAE6}.AppStore|x64.ActiveCfg = Debug|Any CPU
		{56531910-6309-4F1D-A12B-F69E2914FAE6}.AppStore|x64.Build.0 = Debug|Any CPU
		{56531910-6309-4F1D-A12B-F69E2914FAE6}.AppStore|x86.ActiveCfg = Debug|Any CPU
		{56531910-6309-4F1D-A12B-F69E2914FAE6}.AppStore|x86.Build.0 = Debug|Any CPU
		{56531910-6309-4F1D-A12B-F69E2914FAE6}.Debug|Any CPU.ActiveCfg = Debug|Any CPU
		{56531910-6309-4F1D-A12B-F69E2914FAE6}.Debug|Any CPU.Build.0 = Debug|Any CPU
		{56531910-6309-4F1D-A12B-F69E2914FAE6}.Debug|ARM.ActiveCfg = Debug|Any CPU
		{56531910-6309-4F1D-A12B-F69E2914FAE6}.Debug|ARM.Build.0 = Debug|Any CPU
		{56531910-6309-4F1D-A12B-F69E2914FAE6}.Debug|iPhone.ActiveCfg = Debug|Any CPU
		{56531910-6309-4F1D-A12B-F69E2914FAE6}.Debug|iPhone.Build.0 = Debug|Any CPU
		{56531910-6309-4F1D-A12B-F69E2914FAE6}.Debug|iPhoneSimulator.ActiveCfg = Debug|Any CPU
		{56531910-6309-4F1D-A12B-F69E2914FAE6}.Debug|iPhoneSimulator.Build.0 = Debug|Any CPU
		{56531910-6309-4F1D-A12B-F69E2914FAE6}.Debug|x64.ActiveCfg = Debug|Any CPU
		{56531910-6309-4F1D-A12B-F69E2914FAE6}.Debug|x64.Build.0 = Debug|Any CPU
		{56531910-6309-4F1D-A12B-F69E2914FAE6}.Debug|x86.ActiveCfg = Debug|Any CPU
		{56531910-6309-4F1D-A12B-F69E2914FAE6}.Debug|x86.Build.0 = Debug|Any CPU
		{56531910-6309-4F1D-A12B-F69E2914FAE6}.Release|Any CPU.ActiveCfg = Release|Any CPU
		{56531910-6309-4F1D-A12B-F69E2914FAE6}.Release|Any CPU.Build.0 = Release|Any CPU
		{56531910-6309-4F1D-A12B-F69E2914FAE6}.Release|ARM.ActiveCfg = Release|Any CPU
		{56531910-6309-4F1D-A12B-F69E2914FAE6}.Release|ARM.Build.0 = Release|Any CPU
		{56531910-6309-4F1D-A12B-F69E2914FAE6}.Release|iPhone.ActiveCfg = Release|Any CPU
		{56531910-6309-4F1D-A12B-F69E2914FAE6}.Release|iPhone.Build.0 = Release|Any CPU
		{56531910-6309-4F1D-A12B-F69E2914FAE6}.Release|iPhoneSimulator.ActiveCfg = Release|Any CPU
		{56531910-6309-4F1D-A12B-F69E2914FAE6}.Release|iPhoneSimulator.Build.0 = Release|Any CPU
		{56531910-6309-4F1D-A12B-F69E2914FAE6}.Release|x64.ActiveCfg = Release|Any CPU
		{56531910-6309-4F1D-A12B-F69E2914FAE6}.Release|x64.Build.0 = Release|Any CPU
		{56531910-6309-4F1D-A12B-F69E2914FAE6}.Release|x86.ActiveCfg = Release|Any CPU
		{56531910-6309-4F1D-A12B-F69E2914FAE6}.Release|x86.Build.0 = Release|Any CPU
		{239AD7CE-149F-4465-9BAF-7D60373BE5CB}.Ad-Hoc|Any CPU.ActiveCfg = Release|Any CPU
		{239AD7CE-149F-4465-9BAF-7D60373BE5CB}.Ad-Hoc|Any CPU.Build.0 = Release|Any CPU
		{239AD7CE-149F-4465-9BAF-7D60373BE5CB}.Ad-Hoc|ARM.ActiveCfg = Release|Any CPU
		{239AD7CE-149F-4465-9BAF-7D60373BE5CB}.Ad-Hoc|ARM.Build.0 = Release|Any CPU
		{239AD7CE-149F-4465-9BAF-7D60373BE5CB}.Ad-Hoc|iPhone.ActiveCfg = Release|Any CPU
		{239AD7CE-149F-4465-9BAF-7D60373BE5CB}.Ad-Hoc|iPhone.Build.0 = Release|Any CPU
		{239AD7CE-149F-4465-9BAF-7D60373BE5CB}.Ad-Hoc|iPhoneSimulator.ActiveCfg = Release|Any CPU
		{239AD7CE-149F-4465-9BAF-7D60373BE5CB}.Ad-Hoc|iPhoneSimulator.Build.0 = Release|Any CPU
		{239AD7CE-149F-4465-9BAF-7D60373BE5CB}.Ad-Hoc|x64.ActiveCfg = Release|Any CPU
		{239AD7CE-149F-4465-9BAF-7D60373BE5CB}.Ad-Hoc|x64.Build.0 = Release|Any CPU
		{239AD7CE-149F-4465-9BAF-7D60373BE5CB}.Ad-Hoc|x86.ActiveCfg = Release|Any CPU
		{239AD7CE-149F-4465-9BAF-7D60373BE5CB}.Ad-Hoc|x86.Build.0 = Release|Any CPU
		{239AD7CE-149F-4465-9BAF-7D60373BE5CB}.AppStore|Any CPU.ActiveCfg = Release|Any CPU
		{239AD7CE-149F-4465-9BAF-7D60373BE5CB}.AppStore|Any CPU.Build.0 = Release|Any CPU
		{239AD7CE-149F-4465-9BAF-7D60373BE5CB}.AppStore|ARM.ActiveCfg = Release|Any CPU
		{239AD7CE-149F-4465-9BAF-7D60373BE5CB}.AppStore|ARM.Build.0 = Release|Any CPU
		{239AD7CE-149F-4465-9BAF-7D60373BE5CB}.AppStore|iPhone.ActiveCfg = Release|Any CPU
		{239AD7CE-149F-4465-9BAF-7D60373BE5CB}.AppStore|iPhone.Build.0 = Release|Any CPU
		{239AD7CE-149F-4465-9BAF-7D60373BE5CB}.AppStore|iPhoneSimulator.ActiveCfg = Release|Any CPU
		{239AD7CE-149F-4465-9BAF-7D60373BE5CB}.AppStore|iPhoneSimulator.Build.0 = Release|Any CPU
		{239AD7CE-149F-4465-9BAF-7D60373BE5CB}.AppStore|x64.ActiveCfg = Release|Any CPU
		{239AD7CE-149F-4465-9BAF-7D60373BE5CB}.AppStore|x64.Build.0 = Release|Any CPU
		{239AD7CE-149F-4465-9BAF-7D60373BE5CB}.AppStore|x86.ActiveCfg = Release|Any CPU
		{239AD7CE-149F-4465-9BAF-7D60373BE5CB}.AppStore|x86.Build.0 = Release|Any CPU
		{239AD7CE-149F-4465-9BAF-7D60373BE5CB}.Debug|Any CPU.ActiveCfg = Debug|Any CPU
		{239AD7CE-149F-4465-9BAF-7D60373BE5CB}.Debug|Any CPU.Build.0 = Debug|Any CPU
		{239AD7CE-149F-4465-9BAF-7D60373BE5CB}.Debug|ARM.ActiveCfg = Debug|Any CPU
		{239AD7CE-149F-4465-9BAF-7D60373BE5CB}.Debug|ARM.Build.0 = Debug|Any CPU
		{239AD7CE-149F-4465-9BAF-7D60373BE5CB}.Debug|iPhone.ActiveCfg = Debug|Any CPU
		{239AD7CE-149F-4465-9BAF-7D60373BE5CB}.Debug|iPhone.Build.0 = Debug|Any CPU
		{239AD7CE-149F-4465-9BAF-7D60373BE5CB}.Debug|iPhoneSimulator.ActiveCfg = Debug|Any CPU
		{239AD7CE-149F-4465-9BAF-7D60373BE5CB}.Debug|iPhoneSimulator.Build.0 = Debug|Any CPU
		{239AD7CE-149F-4465-9BAF-7D60373BE5CB}.Debug|x64.ActiveCfg = Debug|Any CPU
		{239AD7CE-149F-4465-9BAF-7D60373BE5CB}.Debug|x64.Build.0 = Debug|Any CPU
		{239AD7CE-149F-4465-9BAF-7D60373BE5CB}.Debug|x86.ActiveCfg = Debug|Any CPU
		{239AD7CE-149F-4465-9BAF-7D60373BE5CB}.Debug|x86.Build.0 = Debug|Any CPU
		{239AD7CE-149F-4465-9BAF-7D60373BE5CB}.Release|Any CPU.ActiveCfg = Release|Any CPU
		{239AD7CE-149F-4465-9BAF-7D60373BE5CB}.Release|Any CPU.Build.0 = Release|Any CPU
		{239AD7CE-149F-4465-9BAF-7D60373BE5CB}.Release|ARM.ActiveCfg = Release|Any CPU
		{239AD7CE-149F-4465-9BAF-7D60373BE5CB}.Release|ARM.Build.0 = Release|Any CPU
		{239AD7CE-149F-4465-9BAF-7D60373BE5CB}.Release|iPhone.ActiveCfg = Release|Any CPU
		{239AD7CE-149F-4465-9BAF-7D60373BE5CB}.Release|iPhone.Build.0 = Release|Any CPU
		{239AD7CE-149F-4465-9BAF-7D60373BE5CB}.Release|iPhoneSimulator.ActiveCfg = Release|Any CPU
		{239AD7CE-149F-4465-9BAF-7D60373BE5CB}.Release|iPhoneSimulator.Build.0 = Release|Any CPU
		{239AD7CE-149F-4465-9BAF-7D60373BE5CB}.Release|x64.ActiveCfg = Release|Any CPU
		{239AD7CE-149F-4465-9BAF-7D60373BE5CB}.Release|x64.Build.0 = Release|Any CPU
		{239AD7CE-149F-4465-9BAF-7D60373BE5CB}.Release|x86.ActiveCfg = Release|Any CPU
		{239AD7CE-149F-4465-9BAF-7D60373BE5CB}.Release|x86.Build.0 = Release|Any CPU
		{B202A1F9-B9B8-4F5F-A011-C8EA5E485CED}.Ad-Hoc|Any CPU.ActiveCfg = Release|Any CPU
		{B202A1F9-B9B8-4F5F-A011-C8EA5E485CED}.Ad-Hoc|Any CPU.Build.0 = Release|Any CPU
		{B202A1F9-B9B8-4F5F-A011-C8EA5E485CED}.Ad-Hoc|ARM.ActiveCfg = Release|Any CPU
		{B202A1F9-B9B8-4F5F-A011-C8EA5E485CED}.Ad-Hoc|ARM.Build.0 = Release|Any CPU
		{B202A1F9-B9B8-4F5F-A011-C8EA5E485CED}.Ad-Hoc|iPhone.ActiveCfg = Release|Any CPU
		{B202A1F9-B9B8-4F5F-A011-C8EA5E485CED}.Ad-Hoc|iPhone.Build.0 = Release|Any CPU
		{B202A1F9-B9B8-4F5F-A011-C8EA5E485CED}.Ad-Hoc|iPhoneSimulator.ActiveCfg = Release|Any CPU
		{B202A1F9-B9B8-4F5F-A011-C8EA5E485CED}.Ad-Hoc|iPhoneSimulator.Build.0 = Release|Any CPU
		{B202A1F9-B9B8-4F5F-A011-C8EA5E485CED}.Ad-Hoc|x64.ActiveCfg = Release|Any CPU
		{B202A1F9-B9B8-4F5F-A011-C8EA5E485CED}.Ad-Hoc|x64.Build.0 = Release|Any CPU
		{B202A1F9-B9B8-4F5F-A011-C8EA5E485CED}.Ad-Hoc|x86.ActiveCfg = Release|Any CPU
		{B202A1F9-B9B8-4F5F-A011-C8EA5E485CED}.Ad-Hoc|x86.Build.0 = Release|Any CPU
		{B202A1F9-B9B8-4F5F-A011-C8EA5E485CED}.AppStore|Any CPU.ActiveCfg = Release|Any CPU
		{B202A1F9-B9B8-4F5F-A011-C8EA5E485CED}.AppStore|Any CPU.Build.0 = Release|Any CPU
		{B202A1F9-B9B8-4F5F-A011-C8EA5E485CED}.AppStore|ARM.ActiveCfg = Release|Any CPU
		{B202A1F9-B9B8-4F5F-A011-C8EA5E485CED}.AppStore|ARM.Build.0 = Release|Any CPU
		{B202A1F9-B9B8-4F5F-A011-C8EA5E485CED}.AppStore|iPhone.ActiveCfg = Release|Any CPU
		{B202A1F9-B9B8-4F5F-A011-C8EA5E485CED}.AppStore|iPhone.Build.0 = Release|Any CPU
		{B202A1F9-B9B8-4F5F-A011-C8EA5E485CED}.AppStore|iPhoneSimulator.ActiveCfg = Release|Any CPU
		{B202A1F9-B9B8-4F5F-A011-C8EA5E485CED}.AppStore|iPhoneSimulator.Build.0 = Release|Any CPU
		{B202A1F9-B9B8-4F5F-A011-C8EA5E485CED}.AppStore|x64.ActiveCfg = Release|Any CPU
		{B202A1F9-B9B8-4F5F-A011-C8EA5E485CED}.AppStore|x64.Build.0 = Release|Any CPU
		{B202A1F9-B9B8-4F5F-A011-C8EA5E485CED}.AppStore|x86.ActiveCfg = Release|Any CPU
		{B202A1F9-B9B8-4F5F-A011-C8EA5E485CED}.AppStore|x86.Build.0 = Release|Any CPU
		{B202A1F9-B9B8-4F5F-A011-C8EA5E485CED}.Debug|Any CPU.ActiveCfg = Debug|Any CPU
		{B202A1F9-B9B8-4F5F-A011-C8EA5E485CED}.Debug|Any CPU.Build.0 = Debug|Any CPU
		{B202A1F9-B9B8-4F5F-A011-C8EA5E485CED}.Debug|ARM.ActiveCfg = Debug|Any CPU
		{B202A1F9-B9B8-4F5F-A011-C8EA5E485CED}.Debug|ARM.Build.0 = Debug|Any CPU
		{B202A1F9-B9B8-4F5F-A011-C8EA5E485CED}.Debug|iPhone.ActiveCfg = Debug|Any CPU
		{B202A1F9-B9B8-4F5F-A011-C8EA5E485CED}.Debug|iPhone.Build.0 = Debug|Any CPU
		{B202A1F9-B9B8-4F5F-A011-C8EA5E485CED}.Debug|iPhoneSimulator.ActiveCfg = Debug|Any CPU
		{B202A1F9-B9B8-4F5F-A011-C8EA5E485CED}.Debug|iPhoneSimulator.Build.0 = Debug|Any CPU
		{B202A1F9-B9B8-4F5F-A011-C8EA5E485CED}.Debug|x64.ActiveCfg = Debug|Any CPU
		{B202A1F9-B9B8-4F5F-A011-C8EA5E485CED}.Debug|x64.Build.0 = Debug|Any CPU
		{B202A1F9-B9B8-4F5F-A011-C8EA5E485CED}.Debug|x86.ActiveCfg = Debug|Any CPU
		{B202A1F9-B9B8-4F5F-A011-C8EA5E485CED}.Debug|x86.Build.0 = Debug|Any CPU
		{B202A1F9-B9B8-4F5F-A011-C8EA5E485CED}.Release|Any CPU.ActiveCfg = Release|Any CPU
		{B202A1F9-B9B8-4F5F-A011-C8EA5E485CED}.Release|Any CPU.Build.0 = Release|Any CPU
		{B202A1F9-B9B8-4F5F-A011-C8EA5E485CED}.Release|ARM.ActiveCfg = Release|Any CPU
		{B202A1F9-B9B8-4F5F-A011-C8EA5E485CED}.Release|ARM.Build.0 = Release|Any CPU
		{B202A1F9-B9B8-4F5F-A011-C8EA5E485CED}.Release|iPhone.ActiveCfg = Release|Any CPU
		{B202A1F9-B9B8-4F5F-A011-C8EA5E485CED}.Release|iPhone.Build.0 = Release|Any CPU
		{B202A1F9-B9B8-4F5F-A011-C8EA5E485CED}.Release|iPhoneSimulator.ActiveCfg = Release|Any CPU
		{B202A1F9-B9B8-4F5F-A011-C8EA5E485CED}.Release|iPhoneSimulator.Build.0 = Release|Any CPU
		{B202A1F9-B9B8-4F5F-A011-C8EA5E485CED}.Release|x64.ActiveCfg = Release|Any CPU
		{B202A1F9-B9B8-4F5F-A011-C8EA5E485CED}.Release|x64.Build.0 = Release|Any CPU
		{B202A1F9-B9B8-4F5F-A011-C8EA5E485CED}.Release|x86.ActiveCfg = Release|Any CPU
		{B202A1F9-B9B8-4F5F-A011-C8EA5E485CED}.Release|x86.Build.0 = Release|Any CPU
		{CD9C2137-7262-49F6-831A-D3362541EDA6}.Ad-Hoc|Any CPU.ActiveCfg = Release|Any CPU
		{CD9C2137-7262-49F6-831A-D3362541EDA6}.Ad-Hoc|Any CPU.Build.0 = Release|Any CPU
		{CD9C2137-7262-49F6-831A-D3362541EDA6}.Ad-Hoc|ARM.ActiveCfg = Release|Any CPU
		{CD9C2137-7262-49F6-831A-D3362541EDA6}.Ad-Hoc|ARM.Build.0 = Release|Any CPU
		{CD9C2137-7262-49F6-831A-D3362541EDA6}.Ad-Hoc|iPhone.ActiveCfg = Release|Any CPU
		{CD9C2137-7262-49F6-831A-D3362541EDA6}.Ad-Hoc|iPhone.Build.0 = Release|Any CPU
		{CD9C2137-7262-49F6-831A-D3362541EDA6}.Ad-Hoc|iPhoneSimulator.ActiveCfg = Release|Any CPU
		{CD9C2137-7262-49F6-831A-D3362541EDA6}.Ad-Hoc|iPhoneSimulator.Build.0 = Release|Any CPU
		{CD9C2137-7262-49F6-831A-D3362541EDA6}.Ad-Hoc|x64.ActiveCfg = Release|Any CPU
		{CD9C2137-7262-49F6-831A-D3362541EDA6}.Ad-Hoc|x64.Build.0 = Release|Any CPU
		{CD9C2137-7262-49F6-831A-D3362541EDA6}.Ad-Hoc|x86.ActiveCfg = Release|Any CPU
		{CD9C2137-7262-49F6-831A-D3362541EDA6}.Ad-Hoc|x86.Build.0 = Release|Any CPU
		{CD9C2137-7262-49F6-831A-D3362541EDA6}.AppStore|Any CPU.ActiveCfg = Release|Any CPU
		{CD9C2137-7262-49F6-831A-D3362541EDA6}.AppStore|Any CPU.Build.0 = Release|Any CPU
		{CD9C2137-7262-49F6-831A-D3362541EDA6}.AppStore|ARM.ActiveCfg = Release|Any CPU
		{CD9C2137-7262-49F6-831A-D3362541EDA6}.AppStore|ARM.Build.0 = Release|Any CPU
		{CD9C2137-7262-49F6-831A-D3362541EDA6}.AppStore|iPhone.ActiveCfg = Release|Any CPU
		{CD9C2137-7262-49F6-831A-D3362541EDA6}.AppStore|iPhone.Build.0 = Release|Any CPU
		{CD9C2137-7262-49F6-831A-D3362541EDA6}.AppStore|iPhoneSimulator.ActiveCfg = Release|Any CPU
		{CD9C2137-7262-49F6-831A-D3362541EDA6}.AppStore|iPhoneSimulator.Build.0 = Release|Any CPU
		{CD9C2137-7262-49F6-831A-D3362541EDA6}.AppStore|x64.ActiveCfg = Release|Any CPU
		{CD9C2137-7262-49F6-831A-D3362541EDA6}.AppStore|x64.Build.0 = Release|Any CPU
		{CD9C2137-7262-49F6-831A-D3362541EDA6}.AppStore|x86.ActiveCfg = Release|Any CPU
		{CD9C2137-7262-49F6-831A-D3362541EDA6}.AppStore|x86.Build.0 = Release|Any CPU
		{CD9C2137-7262-49F6-831A-D3362541EDA6}.Debug|Any CPU.ActiveCfg = Debug|Any CPU
		{CD9C2137-7262-49F6-831A-D3362541EDA6}.Debug|Any CPU.Build.0 = Debug|Any CPU
		{CD9C2137-7262-49F6-831A-D3362541EDA6}.Debug|ARM.ActiveCfg = Debug|Any CPU
		{CD9C2137-7262-49F6-831A-D3362541EDA6}.Debug|ARM.Build.0 = Debug|Any CPU
		{CD9C2137-7262-49F6-831A-D3362541EDA6}.Debug|iPhone.ActiveCfg = Debug|Any CPU
		{CD9C2137-7262-49F6-831A-D3362541EDA6}.Debug|iPhone.Build.0 = Debug|Any CPU
		{CD9C2137-7262-49F6-831A-D3362541EDA6}.Debug|iPhoneSimulator.ActiveCfg = Debug|Any CPU
		{CD9C2137-7262-49F6-831A-D3362541EDA6}.Debug|iPhoneSimulator.Build.0 = Debug|Any CPU
		{CD9C2137-7262-49F6-831A-D3362541EDA6}.Debug|x64.ActiveCfg = Debug|Any CPU
		{CD9C2137-7262-49F6-831A-D3362541EDA6}.Debug|x64.Build.0 = Debug|Any CPU
		{CD9C2137-7262-49F6-831A-D3362541EDA6}.Debug|x86.ActiveCfg = Debug|Any CPU
		{CD9C2137-7262-49F6-831A-D3362541EDA6}.Debug|x86.Build.0 = Debug|Any CPU
		{CD9C2137-7262-49F6-831A-D3362541EDA6}.Release|Any CPU.ActiveCfg = Release|Any CPU
		{CD9C2137-7262-49F6-831A-D3362541EDA6}.Release|Any CPU.Build.0 = Release|Any CPU
		{CD9C2137-7262-49F6-831A-D3362541EDA6}.Release|ARM.ActiveCfg = Release|Any CPU
		{CD9C2137-7262-49F6-831A-D3362541EDA6}.Release|ARM.Build.0 = Release|Any CPU
		{CD9C2137-7262-49F6-831A-D3362541EDA6}.Release|iPhone.ActiveCfg = Release|Any CPU
		{CD9C2137-7262-49F6-831A-D3362541EDA6}.Release|iPhone.Build.0 = Release|Any CPU
		{CD9C2137-7262-49F6-831A-D3362541EDA6}.Release|iPhoneSimulator.ActiveCfg = Release|Any CPU
		{CD9C2137-7262-49F6-831A-D3362541EDA6}.Release|iPhoneSimulator.Build.0 = Release|Any CPU
		{CD9C2137-7262-49F6-831A-D3362541EDA6}.Release|x64.ActiveCfg = Release|Any CPU
		{CD9C2137-7262-49F6-831A-D3362541EDA6}.Release|x64.Build.0 = Release|Any CPU
		{CD9C2137-7262-49F6-831A-D3362541EDA6}.Release|x86.ActiveCfg = Release|Any CPU
		{CD9C2137-7262-49F6-831A-D3362541EDA6}.Release|x86.Build.0 = Release|Any CPU
		{9530AA2D-2A0E-4AC3-93D5-28769BF43F89}.Ad-Hoc|Any CPU.ActiveCfg = Release|Any CPU
		{9530AA2D-2A0E-4AC3-93D5-28769BF43F89}.Ad-Hoc|Any CPU.Build.0 = Release|Any CPU
		{9530AA2D-2A0E-4AC3-93D5-28769BF43F89}.Ad-Hoc|ARM.ActiveCfg = Release|Any CPU
		{9530AA2D-2A0E-4AC3-93D5-28769BF43F89}.Ad-Hoc|ARM.Build.0 = Release|Any CPU
		{9530AA2D-2A0E-4AC3-93D5-28769BF43F89}.Ad-Hoc|iPhone.ActiveCfg = Release|Any CPU
		{9530AA2D-2A0E-4AC3-93D5-28769BF43F89}.Ad-Hoc|iPhone.Build.0 = Release|Any CPU
		{9530AA2D-2A0E-4AC3-93D5-28769BF43F89}.Ad-Hoc|iPhoneSimulator.ActiveCfg = Release|Any CPU
		{9530AA2D-2A0E-4AC3-93D5-28769BF43F89}.Ad-Hoc|iPhoneSimulator.Build.0 = Release|Any CPU
		{9530AA2D-2A0E-4AC3-93D5-28769BF43F89}.Ad-Hoc|x64.ActiveCfg = Release|Any CPU
		{9530AA2D-2A0E-4AC3-93D5-28769BF43F89}.Ad-Hoc|x64.Build.0 = Release|Any CPU
		{9530AA2D-2A0E-4AC3-93D5-28769BF43F89}.Ad-Hoc|x86.ActiveCfg = Release|Any CPU
		{9530AA2D-2A0E-4AC3-93D5-28769BF43F89}.Ad-Hoc|x86.Build.0 = Release|Any CPU
		{9530AA2D-2A0E-4AC3-93D5-28769BF43F89}.AppStore|Any CPU.ActiveCfg = Release|Any CPU
		{9530AA2D-2A0E-4AC3-93D5-28769BF43F89}.AppStore|Any CPU.Build.0 = Release|Any CPU
		{9530AA2D-2A0E-4AC3-93D5-28769BF43F89}.AppStore|ARM.ActiveCfg = Release|Any CPU
		{9530AA2D-2A0E-4AC3-93D5-28769BF43F89}.AppStore|ARM.Build.0 = Release|Any CPU
		{9530AA2D-2A0E-4AC3-93D5-28769BF43F89}.AppStore|iPhone.ActiveCfg = Release|Any CPU
		{9530AA2D-2A0E-4AC3-93D5-28769BF43F89}.AppStore|iPhone.Build.0 = Release|Any CPU
		{9530AA2D-2A0E-4AC3-93D5-28769BF43F89}.AppStore|iPhoneSimulator.ActiveCfg = Release|Any CPU
		{9530AA2D-2A0E-4AC3-93D5-28769BF43F89}.AppStore|iPhoneSimulator.Build.0 = Release|Any CPU
		{9530AA2D-2A0E-4AC3-93D5-28769BF43F89}.AppStore|x64.ActiveCfg = Release|Any CPU
		{9530AA2D-2A0E-4AC3-93D5-28769BF43F89}.AppStore|x64.Build.0 = Release|Any CPU
		{9530AA2D-2A0E-4AC3-93D5-28769BF43F89}.AppStore|x86.ActiveCfg = Release|Any CPU
		{9530AA2D-2A0E-4AC3-93D5-28769BF43F89}.AppStore|x86.Build.0 = Release|Any CPU
		{9530AA2D-2A0E-4AC3-93D5-28769BF43F89}.Debug|Any CPU.ActiveCfg = Debug|Any CPU
		{9530AA2D-2A0E-4AC3-93D5-28769BF43F89}.Debug|Any CPU.Build.0 = Debug|Any CPU
		{9530AA2D-2A0E-4AC3-93D5-28769BF43F89}.Debug|ARM.ActiveCfg = Debug|Any CPU
		{9530AA2D-2A0E-4AC3-93D5-28769BF43F89}.Debug|ARM.Build.0 = Debug|Any CPU
		{9530AA2D-2A0E-4AC3-93D5-28769BF43F89}.Debug|iPhone.ActiveCfg = Debug|Any CPU
		{9530AA2D-2A0E-4AC3-93D5-28769BF43F89}.Debug|iPhone.Build.0 = Debug|Any CPU
		{9530AA2D-2A0E-4AC3-93D5-28769BF43F89}.Debug|iPhoneSimulator.ActiveCfg = Debug|Any CPU
		{9530AA2D-2A0E-4AC3-93D5-28769BF43F89}.Debug|iPhoneSimulator.Build.0 = Debug|Any CPU
		{9530AA2D-2A0E-4AC3-93D5-28769BF43F89}.Debug|x64.ActiveCfg = Debug|Any CPU
		{9530AA2D-2A0E-4AC3-93D5-28769BF43F89}.Debug|x64.Build.0 = Debug|Any CPU
		{9530AA2D-2A0E-4AC3-93D5-28769BF43F89}.Debug|x86.ActiveCfg = Debug|Any CPU
		{9530AA2D-2A0E-4AC3-93D5-28769BF43F89}.Debug|x86.Build.0 = Debug|Any CPU
		{9530AA2D-2A0E-4AC3-93D5-28769BF43F89}.Release|Any CPU.ActiveCfg = Release|Any CPU
		{9530AA2D-2A0E-4AC3-93D5-28769BF43F89}.Release|Any CPU.Build.0 = Release|Any CPU
		{9530AA2D-2A0E-4AC3-93D5-28769BF43F89}.Release|ARM.ActiveCfg = Release|Any CPU
		{9530AA2D-2A0E-4AC3-93D5-28769BF43F89}.Release|ARM.Build.0 = Release|Any CPU
		{9530AA2D-2A0E-4AC3-93D5-28769BF43F89}.Release|iPhone.ActiveCfg = Release|Any CPU
		{9530AA2D-2A0E-4AC3-93D5-28769BF43F89}.Release|iPhone.Build.0 = Release|Any CPU
		{9530AA2D-2A0E-4AC3-93D5-28769BF43F89}.Release|iPhoneSimulator.ActiveCfg = Release|Any CPU
		{9530AA2D-2A0E-4AC3-93D5-28769BF43F89}.Release|iPhoneSimulator.Build.0 = Release|Any CPU
		{9530AA2D-2A0E-4AC3-93D5-28769BF43F89}.Release|x64.ActiveCfg = Release|Any CPU
		{9530AA2D-2A0E-4AC3-93D5-28769BF43F89}.Release|x64.Build.0 = Release|Any CPU
		{9530AA2D-2A0E-4AC3-93D5-28769BF43F89}.Release|x86.ActiveCfg = Release|Any CPU
		{9530AA2D-2A0E-4AC3-93D5-28769BF43F89}.Release|x86.Build.0 = Release|Any CPU
	EndGlobalSection
	GlobalSection(SolutionProperties) = preSolution
		HideSolutionNode = FALSE
	EndGlobalSection
	GlobalSection(NestedProjects) = preSolution
		{DFE97BE0-070B-43AD-BF37-50FD42B542D1} = {A06042F5-F69D-4191-875E-5ADE9CF42075}
		{7B0E4EFD-EEB8-4CE9-9C8D-7A4BF734E9A7} = {A06042F5-F69D-4191-875E-5ADE9CF42075}
		{D0FBE2BA-799B-4071-A45D-8FB037006C9C} = {A06042F5-F69D-4191-875E-5ADE9CF42075}
		{B202A1F9-B9B8-4F5F-A011-C8EA5E485CED} = {A06042F5-F69D-4191-875E-5ADE9CF42075}
	EndGlobalSection
	GlobalSection(ExtensibilityGlobals) = postSolution
		SolutionGuid = {B5D5105C-EA52-467B-8CCC-6777900C3B95}
	EndGlobalSection
EndGlobal
