
Microsoft Visual Studio Solution File, Format Version 12.00
# Visual Studio 14
VisualStudioVersion = 14.0.25123.0
MinimumVisualStudioVersion = 10.0.40219.1
Project("{FAE04EC0-301F-11D3-BF4B-00C04F79EFBC}") = "PluginNugetTest", "PluginNugetTest\PluginNugetTest.csproj", "{F6531B41-95E1-4B2B-9C50-9A5F7245D403}"
EndProject
Project("{FAE04EC0-301F-11D3-BF4B-00C04F79EFBC}") = "PluginNugetTest.iOS", "PluginNugetTest.iOS\PluginNugetTest.iOS.csproj", "{40B8A58D-384F-420E-B108-53F5240E4032}"
EndProject
Project("{FAE04EC0-301F-11D3-BF4B-00C04F79EFBC}") = "MvxPluginNugetTest.iOS", "MvxPluginNugetTest.iOS\MvxPluginNugetTest.iOS.csproj", "{0A09D3FD-771F-4269-B3DF-6D8FEAC5CE67}"
EndProject
Project("{FAE04EC0-301F-11D3-BF4B-00C04F79EFBC}") = "MvxPluginNugetTest.Android", "MvxPluginNugetTest.Android\MvxPluginNugetTest.Android.csproj", "{A1952148-C09E-47E3-8CD8-93EE90717CCD}"
EndProject
Project("{FAE04EC0-301F-11D3-BF4B-00C04F79EFBC}") = "PluginNugetTest.Android", "PluginNugetTest.Android\PluginNugetTest.Android.csproj", "{8DCB6437-273B-4761-A7A0-684374B7AE48}"
EndProject
Project("{FAE04EC0-301F-11D3-BF4B-00C04F79EFBC}") = "MvxPluginNugetTest", "MvxPluginNugetTest\MvxPluginNugetTest.csproj", "{67F9D3A8-F71E-4428-913F-C37AE82CDB24}"
EndProject
Global
	GlobalSection(SolutionConfigurationPlatforms) = preSolution
		AppStore|Any CPU = AppStore|Any CPU
		Debug|Any CPU = Debug|Any CPU
		Release|Any CPU = Release|Any CPU
	EndGlobalSection
	GlobalSection(ProjectConfigurationPlatforms) = postSolution
		{F6531B41-95E1-4B2B-9C50-9A5F7245D403}.AppStore|Any CPU.ActiveCfg = Release|Any CPU
		{F6531B41-95E1-4B2B-9C50-9A5F7245D403}.AppStore|Any CPU.Build.0 = Release|Any CPU
		{F6531B41-95E1-4B2B-9C50-9A5F7245D403}.Debug|Any CPU.ActiveCfg = Debug|Any CPU
		{F6531B41-95E1-4B2B-9C50-9A5F7245D403}.Debug|Any CPU.Build.0 = Debug|Any CPU
		{F6531B41-95E1-4B2B-9C50-9A5F7245D403}.Release|Any CPU.ActiveCfg = Release|Any CPU
		{F6531B41-95E1-4B2B-9C50-9A5F7245D403}.Release|Any CPU.Build.0 = Release|Any CPU
		{40B8A58D-384F-420E-B108-53F5240E4032}.AppStore|Any CPU.ActiveCfg = AppStore|Any CPU
		{40B8A58D-384F-420E-B108-53F5240E4032}.AppStore|Any CPU.Build.0 = AppStore|Any CPU
		{40B8A58D-384F-420E-B108-53F5240E4032}.Debug|Any CPU.ActiveCfg = Debug|Any CPU
		{40B8A58D-384F-420E-B108-53F5240E4032}.Debug|Any CPU.Build.0 = Debug|Any CPU
		{40B8A58D-384F-420E-B108-53F5240E4032}.Release|Any CPU.ActiveCfg = Release|Any CPU
		{40B8A58D-384F-420E-B108-53F5240E4032}.Release|Any CPU.Build.0 = Release|Any CPU
		{0A09D3FD-771F-4269-B3DF-6D8FEAC5CE67}.AppStore|Any CPU.ActiveCfg = AppStore|Any CPU
		{0A09D3FD-771F-4269-B3DF-6D8FEAC5CE67}.AppStore|Any CPU.Build.0 = AppStore|Any CPU
		{0A09D3FD-771F-4269-B3DF-6D8FEAC5CE67}.Debug|Any CPU.ActiveCfg = Debug|Any CPU
		{0A09D3FD-771F-4269-B3DF-6D8FEAC5CE67}.Debug|Any CPU.Build.0 = Debug|Any CPU
		{0A09D3FD-771F-4269-B3DF-6D8FEAC5CE67}.Release|Any CPU.ActiveCfg = Release|Any CPU
		{0A09D3FD-771F-4269-B3DF-6D8FEAC5CE67}.Release|Any CPU.Build.0 = Release|Any CPU
		{A1952148-C09E-47E3-8CD8-93EE90717CCD}.AppStore|Any CPU.ActiveCfg = Release|Any CPU
		{A1952148-C09E-47E3-8CD8-93EE90717CCD}.AppStore|Any CPU.Build.0 = Release|Any CPU
		{A1952148-C09E-47E3-8CD8-93EE90717CCD}.Debug|Any CPU.ActiveCfg = Debug|Any CPU
		{A1952148-C09E-47E3-8CD8-93EE90717CCD}.Debug|Any CPU.Build.0 = Debug|Any CPU
		{A1952148-C09E-47E3-8CD8-93EE90717CCD}.Release|Any CPU.ActiveCfg = Release|Any CPU
		{A1952148-C09E-47E3-8CD8-93EE90717CCD}.Release|Any CPU.Build.0 = Release|Any CPU
		{8DCB6437-273B-4761-A7A0-684374B7AE48}.AppStore|Any CPU.ActiveCfg = Release|Any CPU
		{8DCB6437-273B-4761-A7A0-684374B7AE48}.AppStore|Any CPU.Build.0 = Release|Any CPU
		{8DCB6437-273B-4761-A7A0-684374B7AE48}.Debug|Any CPU.ActiveCfg = Debug|Any CPU
		{8DCB6437-273B-4761-A7A0-684374B7AE48}.Debug|Any CPU.Build.0 = Debug|Any CPU
		{8DCB6437-273B-4761-A7A0-684374B7AE48}.Release|Any CPU.ActiveCfg = Release|Any CPU
		{8DCB6437-273B-4761-A7A0-684374B7AE48}.Release|Any CPU.Build.0 = Release|Any CPU
		{67F9D3A8-F71E-4428-913F-C37AE82CDB24}.AppStore|Any CPU.ActiveCfg = Release|Any CPU
		{67F9D3A8-F71E-4428-913F-C37AE82CDB24}.AppStore|Any CPU.Build.0 = Release|Any CPU
		{67F9D3A8-F71E-4428-913F-C37AE82CDB24}.Debug|Any CPU.ActiveCfg = Debug|Any CPU
		{67F9D3A8-F71E-4428-913F-C37AE82CDB24}.Debug|Any CPU.Build.0 = Debug|Any CPU
		{67F9D3A8-F71E-4428-913F-C37AE82CDB24}.Release|Any CPU.ActiveCfg = Release|Any CPU
		{67F9D3A8-F71E-4428-913F-C37AE82CDB24}.Release|Any CPU.Build.0 = Release|Any CPU
	EndGlobalSection
	GlobalSection(SolutionProperties) = preSolution
		HideSolutionNode = FALSE
	EndGlobalSection
EndGlobal
